// !$*UTF8*$!
{
	archiveVersion = 1;
	classes = {
	};
	objectVersion = 54;
	objects = {

/* Begin PBXBuildFile section */
		00E356F31AD99517003FC87E /* BoilerPlateTests.m in Sources */ = {isa = PBXBuildFile; fileRef = 00E356F21AD99517003FC87E /* BoilerPlateTests.m */; };
		0973D29FC89B4DF8809236B5 /* OpenSans-ExtraBold.ttf in Resources */ = {isa = PBXBuildFile; fileRef = E79F09E3140C404B94DFE508 /* OpenSans-ExtraBold.ttf */; };
		0B22A3EBEE81498AB33437C2 /* OpenSans_Condensed-MediumItalic.ttf in Resources */ = {isa = PBXBuildFile; fileRef = 58BFDB27C934453CB851565F /* OpenSans_Condensed-MediumItalic.ttf */; };
		0FBABB1A43C149C9A2C68235 /* Poppins-Light.ttf in Resources */ = {isa = PBXBuildFile; fileRef = 3B07D6AA70D44198837B658C /* Poppins-Light.ttf */; };
		13B07FBC1A68108700A75B9A /* AppDelegate.m in Sources */ = {isa = PBXBuildFile; fileRef = 13B07FB01A68108700A75B9A /* AppDelegate.m */; };
		13B07FBF1A68108700A75B9A /* Images.xcassets in Resources */ = {isa = PBXBuildFile; fileRef = 13B07FB51A68108700A75B9A /* Images.xcassets */; };
		13B07FC11A68108700A75B9A /* main.m in Sources */ = {isa = PBXBuildFile; fileRef = 13B07FB71A68108700A75B9A /* main.m */; };
		14AABE0F278C72ED00970949 /* GoogleService-Info.plist in Resources */ = {isa = PBXBuildFile; fileRef = 14AABE0E278C72ED00970949 /* GoogleService-Info.plist */; };
		1729FEF9B0ED435DA9C9A9DE /* OpenSans-SemiBoldItalic.ttf in Resources */ = {isa = PBXBuildFile; fileRef = E10B2F4CF8134209BA1F1D59 /* OpenSans-SemiBoldItalic.ttf */; };
		17B8610726DE40F8AE64B44D /* OpenSans_SemiCondensed-Light.ttf in Resources */ = {isa = PBXBuildFile; fileRef = E17A3FA1AFD74BB3A280EDA8 /* OpenSans_SemiCondensed-Light.ttf */; };
		1C15B332A4B24E229E80A511 /* Poppins-SemiBold.ttf in Resources */ = {isa = PBXBuildFile; fileRef = F327E9B07ED549478012733B /* Poppins-SemiBold.ttf */; };
		22D4DCAFC4134B0ABDA73F99 /* OpenSans_SemiCondensed-Italic.ttf in Resources */ = {isa = PBXBuildFile; fileRef = BC5CA989FF444B038C76FFC1 /* OpenSans_SemiCondensed-Italic.ttf */; };
		26150388620A44C9A2975EB5 /* OpenSans_Condensed-SemiBoldItalic.ttf in Resources */ = {isa = PBXBuildFile; fileRef = B54AA48558C148FA84FB0CAB /* OpenSans_Condensed-SemiBoldItalic.ttf */; };
		290D0902173B40C79EB508CE /* OpenSans-LightItalic.ttf in Resources */ = {isa = PBXBuildFile; fileRef = 4ACABAFAD4504C169EFB2B5A /* OpenSans-LightItalic.ttf */; };
		291352FBD99D4B36A6000390 /* OpenSans_Condensed-Regular.ttf in Resources */ = {isa = PBXBuildFile; fileRef = CF76D8250BBB48C78C503C07 /* OpenSans_Condensed-Regular.ttf */; };
		29994A5CC260422FA122096F /* OpenSans_SemiCondensed-Regular.ttf in Resources */ = {isa = PBXBuildFile; fileRef = 4E487993F7874A68B0CA0F1A /* OpenSans_SemiCondensed-Regular.ttf */; };
		2E6082CD1A3A460295840633 /* OpenSans-ExtraBoldItalic.ttf in Resources */ = {isa = PBXBuildFile; fileRef = 74445EBAA40442AEA681931F /* OpenSans-ExtraBoldItalic.ttf */; };
		2F2BC5340B564210B8325ABD /* OpenSans_SemiCondensed-MediumItalic.ttf in Resources */ = {isa = PBXBuildFile; fileRef = 745DE1468E5D4CA692E4036D /* OpenSans_SemiCondensed-MediumItalic.ttf */; };
		30F30604211C44E38ACB3127 /* OpenSans-VariableFont_wdth,wght.ttf in Resources */ = {isa = PBXBuildFile; fileRef = 7B33850E035A4C92BE8B4EDD /* OpenSans-VariableFont_wdth,wght.ttf */; };
		38A0D493C20141D889AA1799 /* OpenSans_Condensed-ExtraBoldItalic.ttf in Resources */ = {isa = PBXBuildFile; fileRef = 96A4E0C980A84C82BB3B4B19 /* OpenSans_Condensed-ExtraBoldItalic.ttf */; };
		44D18B48561346DABE0B8089 /* OpenSans_Condensed-Light.ttf in Resources */ = {isa = PBXBuildFile; fileRef = 691DFF62D8584F5FB2939890 /* OpenSans_Condensed-Light.ttf */; };
		4640222D54FC433FA434D320 /* Poppins-Medium.ttf in Resources */ = {isa = PBXBuildFile; fileRef = DE620043208643A49C3D8A53 /* Poppins-Medium.ttf */; };
		51D5CE195C164266A9DC68F7 /* Poppins-ExtraLight.ttf in Resources */ = {isa = PBXBuildFile; fileRef = 53C9AFB121784A0EACC166B0 /* Poppins-ExtraLight.ttf */; };
		54F54F3BBA4B4CF2903260D2 /* OpenSans-SemiBold.ttf in Resources */ = {isa = PBXBuildFile; fileRef = 604FF579E3C648E7A5AF357D /* OpenSans-SemiBold.ttf */; };
		591561F830044B6CBAEC4101 /* Poppins-ExtraBold.ttf in Resources */ = {isa = PBXBuildFile; fileRef = C83F36024CFF4E2980FA3221 /* Poppins-ExtraBold.ttf */; };
		5A1E8AE9F35B425F9ED016E2 /* Poppins-SemiBoldItalic.ttf in Resources */ = {isa = PBXBuildFile; fileRef = D0E4479AA75C4EB286B089F4 /* Poppins-SemiBoldItalic.ttf */; };
		5B488ABFF534494AA1D58862 /* OpenSans_SemiCondensed-ExtraBoldItalic.ttf in Resources */ = {isa = PBXBuildFile; fileRef = F9A64B7C5BAD4B99B01B3CA8 /* OpenSans_SemiCondensed-ExtraBoldItalic.ttf */; };
		641E816A48B3434082A1CCE7 /* Poppins-Italic.ttf in Resources */ = {isa = PBXBuildFile; fileRef = 40E3B3104F5446AA804D838B /* Poppins-Italic.ttf */; };
		68055297E4E848CF920DDB67 /* Poppins-Thin.ttf in Resources */ = {isa = PBXBuildFile; fileRef = 4835E554C4ED47D4AA776177 /* Poppins-Thin.ttf */; };
		693DC4FF9BFD4B18B3DA16AC /* Poppins-ExtraBoldItalic.ttf in Resources */ = {isa = PBXBuildFile; fileRef = C8F0381800144EB396C1E5F5 /* Poppins-ExtraBoldItalic.ttf */; };
		6C6EDE9795DA4B01A5F19595 /* OpenSans-BoldItalic.ttf in Resources */ = {isa = PBXBuildFile; fileRef = 5C3E4814BD5B484BAF54CDFB /* OpenSans-BoldItalic.ttf */; };
		6D75C1768BB24F6486377CA6 /* OpenSans-Italic.ttf in Resources */ = {isa = PBXBuildFile; fileRef = FCBEA1F025A7448FA22EDCE5 /* OpenSans-Italic.ttf */; };
		6FB50ABE362846AAB5FDDEEE /* OpenSans-Regular.ttf in Resources */ = {isa = PBXBuildFile; fileRef = 41310B5A0A5C4C068EE07CF0 /* OpenSans-Regular.ttf */; };
		72DA7E353B85426A8571D44A /* OpenSans_SemiCondensed-SemiBoldItalic.ttf in Resources */ = {isa = PBXBuildFile; fileRef = 8EC47306C7BA436295CA0767 /* OpenSans_SemiCondensed-SemiBoldItalic.ttf */; };
		79E302A73A3E4A409B74AB3F /* Poppins-Bold.ttf in Resources */ = {isa = PBXBuildFile; fileRef = 27DCA58DFC974BCF8C63ABA3 /* Poppins-Bold.ttf */; };
		7B0479AD5D924DA59B07273E /* Poppins-Regular.ttf in Resources */ = {isa = PBXBuildFile; fileRef = 909A68CEE4C940CDBCC7FFC1 /* Poppins-Regular.ttf */; };
		7B46C0180C5F4341AE2DE86B /* OpenSans_SemiCondensed-Bold.ttf in Resources */ = {isa = PBXBuildFile; fileRef = F829F55C54D34933815FD2D9 /* OpenSans_SemiCondensed-Bold.ttf */; };
		808380252EC8627BB417DF32 /* libPods-BoilerPlate-BoilerPlateTests.a in Frameworks */ = {isa = PBXBuildFile; fileRef = 86153CBBC3375CA895B04169 /* libPods-BoilerPlate-BoilerPlateTests.a */; };
		80C2D134D5F644A0B1B340D0 /* Poppins-ThinItalic.ttf in Resources */ = {isa = PBXBuildFile; fileRef = E7B1FFAC1F2E40C0B5E9D6F3 /* Poppins-ThinItalic.ttf */; };
		80D9BF830835497090C264DE /* OpenSans_Condensed-SemiBold.ttf in Resources */ = {isa = PBXBuildFile; fileRef = 7EA5426D6BD24435A30F3EC9 /* OpenSans_Condensed-SemiBold.ttf */; };
		81AB9BB82411601600AC10FF /* LaunchScreen.storyboard in Resources */ = {isa = PBXBuildFile; fileRef = 81AB9BB72411601600AC10FF /* LaunchScreen.storyboard */; };
		8752046425394A3496D8A5E4 /* OpenSans_SemiCondensed-BoldItalic.ttf in Resources */ = {isa = PBXBuildFile; fileRef = 5991FFC32024410596A36624 /* OpenSans_SemiCondensed-BoldItalic.ttf */; };
		8832D79B7335452D91A56741 /* OpenSans_Condensed-BoldItalic.ttf in Resources */ = {isa = PBXBuildFile; fileRef = 7F1D6423FAB04BA5A18742EE /* OpenSans_Condensed-BoldItalic.ttf */; };
		888B566F79044E48A80D5C9E /* OpenSans-MediumItalic.ttf in Resources */ = {isa = PBXBuildFile; fileRef = A41D5E1F37B546768C247EEF /* OpenSans-MediumItalic.ttf */; };
		89B88111C88FD6EA079B3B13 /* libPods-BoilerPlate.a in Frameworks */ = {isa = PBXBuildFile; fileRef = A733A279FA61D21BBE4BB8B8 /* libPods-BoilerPlate.a */; };
		8B3E280C51D345228AF224FD /* Poppins-ExtraLightItalic.ttf in Resources */ = {isa = PBXBuildFile; fileRef = 64CD535CF7E0405DBE67DF6C /* Poppins-ExtraLightItalic.ttf */; };
		8BB079ECD3384B94848BF4B8 /* OpenSans_SemiCondensed-Medium.ttf in Resources */ = {isa = PBXBuildFile; fileRef = C6EAF9C618A345C2B733E997 /* OpenSans_SemiCondensed-Medium.ttf */; };
		8CFBCE9C2A6942D0A912F981 /* OpenSans-Light.ttf in Resources */ = {isa = PBXBuildFile; fileRef = 291BBEB15CF043049D783D81 /* OpenSans-Light.ttf */; };
		988CBD0C9F2B4DE6A254FF97 /* OpenSans-Medium.ttf in Resources */ = {isa = PBXBuildFile; fileRef = A6A877B8C9A74D3EACEF9986 /* OpenSans-Medium.ttf */; };
		9901E5464A684362874EEBAA /* Poppins-MediumItalic.ttf in Resources */ = {isa = PBXBuildFile; fileRef = 5361BF9FD6684BE1966626C4 /* Poppins-MediumItalic.ttf */; };
		9CB92A8062A2416FA8F1ACD5 /* OpenSans_Condensed-LightItalic.ttf in Resources */ = {isa = PBXBuildFile; fileRef = 666F2134B8F84ADB8FCDCDA1 /* OpenSans_Condensed-LightItalic.ttf */; };
		9E5C83D869B34B5489803EEA /* Poppins-Black.ttf in Resources */ = {isa = PBXBuildFile; fileRef = A1F9E17BE26B4F2E944C417F /* Poppins-Black.ttf */; };
		9E953A2D13BD4C0981FC3929 /* OpenSans_SemiCondensed-ExtraBold.ttf in Resources */ = {isa = PBXBuildFile; fileRef = 9F4E711F34B24D2798A95B72 /* OpenSans_SemiCondensed-ExtraBold.ttf */; };
		A04754E0971245148D63F772 /* Poppins-BoldItalic.ttf in Resources */ = {isa = PBXBuildFile; fileRef = 4593EAA4DCB94011ADDB2685 /* Poppins-BoldItalic.ttf */; };
		A408534A11CA4D819D999DDE /* OpenSans-Italic-VariableFont_wdth,wght.ttf in Resources */ = {isa = PBXBuildFile; fileRef = 7453AC2517E143B3B3492203 /* OpenSans-Italic-VariableFont_wdth,wght.ttf */; };
		B5995DF15D9446A6A4267CF2 /* OpenSans_Condensed-Bold.ttf in Resources */ = {isa = PBXBuildFile; fileRef = 02A0F428B6024EEDB57D6914 /* OpenSans_Condensed-Bold.ttf */; };
		BB147D35415D42E982EA6A5E /* OpenSans-Bold.ttf in Resources */ = {isa = PBXBuildFile; fileRef = A9C8F23AE6FB45698A7C5908 /* OpenSans-Bold.ttf */; };
		C7B57060AAA141F4959C013C /* OpenSans_SemiCondensed-LightItalic.ttf in Resources */ = {isa = PBXBuildFile; fileRef = D0F021A539604BDB8C1104C3 /* OpenSans_SemiCondensed-LightItalic.ttf */; };
		C93A6EFEB42C46AF8811ECF4 /* OpenSans_Condensed-ExtraBold.ttf in Resources */ = {isa = PBXBuildFile; fileRef = 5C798BC0A7E64B179ADBBA93 /* OpenSans_Condensed-ExtraBold.ttf */; };
		DC040AC17DD742FEA083DBD9 /* OpenSans_Condensed-Medium.ttf in Resources */ = {isa = PBXBuildFile; fileRef = D97202E1CFC849E2B9C93795 /* OpenSans_Condensed-Medium.ttf */; };
		E78D62369A8949C8A5790D29 /* Poppins-BlackItalic.ttf in Resources */ = {isa = PBXBuildFile; fileRef = 53EF8B1B055A43EAA8A90C26 /* Poppins-BlackItalic.ttf */; };
		EC051CDC1B5248F682527394 /* OpenSans_SemiCondensed-SemiBold.ttf in Resources */ = {isa = PBXBuildFile; fileRef = B8DCB9DDB0844CE99CF8F712 /* OpenSans_SemiCondensed-SemiBold.ttf */; };
		F2FF3FCAEE0C43EEA9128E9C /* OpenSans_Condensed-Italic.ttf in Resources */ = {isa = PBXBuildFile; fileRef = B87AA69EF34B4C95B035DA59 /* OpenSans_Condensed-Italic.ttf */; };
		F3B4D59F090E4B06A2BB5F27 /* Poppins-LightItalic.ttf in Resources */ = {isa = PBXBuildFile; fileRef = 00C892A955EA45BAB14C641D /* Poppins-LightItalic.ttf */; };
/* End PBXBuildFile section */

/* Begin PBXContainerItemProxy section */
		00E356F41AD99517003FC87E /* PBXContainerItemProxy */ = {
			isa = PBXContainerItemProxy;
			containerPortal = 83CBB9F71A601CBA00E9B192 /* Project object */;
			proxyType = 1;
			remoteGlobalIDString = 13B07F861A680F5B00A75B9A;
			remoteInfo = BoilerPlate;
		};
/* End PBXContainerItemProxy section */

/* Begin PBXFileReference section */
		00C892A955EA45BAB14C641D /* Poppins-LightItalic.ttf */ = {isa = PBXFileReference; explicitFileType = undefined; fileEncoding = 9; includeInIndex = 0; lastKnownFileType = unknown; name = "Poppins-LightItalic.ttf"; path = "../assets/fonts/Poppins/Poppins-LightItalic.ttf"; sourceTree = "<group>"; };
		00E356EE1AD99517003FC87E /* BoilerPlateTests.xctest */ = {isa = PBXFileReference; explicitFileType = wrapper.cfbundle; includeInIndex = 0; path = BoilerPlateTests.xctest; sourceTree = BUILT_PRODUCTS_DIR; };
		00E356F11AD99517003FC87E /* Info.plist */ = {isa = PBXFileReference; lastKnownFileType = text.plist.xml; path = Info.plist; sourceTree = "<group>"; };
		00E356F21AD99517003FC87E /* BoilerPlateTests.m */ = {isa = PBXFileReference; lastKnownFileType = sourcecode.c.objc; path = BoilerPlateTests.m; sourceTree = "<group>"; };
		02A0F428B6024EEDB57D6914 /* OpenSans_Condensed-Bold.ttf */ = {isa = PBXFileReference; explicitFileType = undefined; fileEncoding = 9; includeInIndex = 0; lastKnownFileType = unknown; name = "OpenSans_Condensed-Bold.ttf"; path = "../assets/fonts/Open_Sans/static/OpenSans_Condensed/OpenSans_Condensed-Bold.ttf"; sourceTree = "<group>"; };
		0B8688CA8C24B8BD13C00FA3 /* Pods-BoilerPlate.release.xcconfig */ = {isa = PBXFileReference; includeInIndex = 1; lastKnownFileType = text.xcconfig; name = "Pods-BoilerPlate.release.xcconfig"; path = "Target Support Files/Pods-BoilerPlate/Pods-BoilerPlate.release.xcconfig"; sourceTree = "<group>"; };
		13B07F961A680F5B00A75B9A /* BoilerPlate.app */ = {isa = PBXFileReference; explicitFileType = wrapper.application; includeInIndex = 0; path = BoilerPlate.app; sourceTree = BUILT_PRODUCTS_DIR; };
		13B07FAF1A68108700A75B9A /* AppDelegate.h */ = {isa = PBXFileReference; fileEncoding = 4; lastKnownFileType = sourcecode.c.h; name = AppDelegate.h; path = BoilerPlate/AppDelegate.h; sourceTree = "<group>"; };
		13B07FB01A68108700A75B9A /* AppDelegate.m */ = {isa = PBXFileReference; fileEncoding = 4; lastKnownFileType = sourcecode.c.objc; name = AppDelegate.m; path = BoilerPlate/AppDelegate.m; sourceTree = "<group>"; };
		13B07FB51A68108700A75B9A /* Images.xcassets */ = {isa = PBXFileReference; lastKnownFileType = folder.assetcatalog; name = Images.xcassets; path = BoilerPlate/Images.xcassets; sourceTree = "<group>"; };
		13B07FB61A68108700A75B9A /* Info.plist */ = {isa = PBXFileReference; fileEncoding = 4; lastKnownFileType = text.plist.xml; name = Info.plist; path = BoilerPlate/Info.plist; sourceTree = "<group>"; };
		13B07FB71A68108700A75B9A /* main.m */ = {isa = PBXFileReference; fileEncoding = 4; lastKnownFileType = sourcecode.c.objc; name = main.m; path = BoilerPlate/main.m; sourceTree = "<group>"; };
		14AABE0E278C72ED00970949 /* GoogleService-Info.plist */ = {isa = PBXFileReference; fileEncoding = 4; lastKnownFileType = text.plist.xml; name = "GoogleService-Info.plist"; path = "../../../Downloads/GoogleService-Info.plist"; sourceTree = "<group>"; };
		27DCA58DFC974BCF8C63ABA3 /* Poppins-Bold.ttf */ = {isa = PBXFileReference; explicitFileType = undefined; fileEncoding = 9; includeInIndex = 0; lastKnownFileType = unknown; name = "Poppins-Bold.ttf"; path = "../assets/fonts/Poppins/Poppins-Bold.ttf"; sourceTree = "<group>"; };
		291BBEB15CF043049D783D81 /* OpenSans-Light.ttf */ = {isa = PBXFileReference; explicitFileType = undefined; fileEncoding = 9; includeInIndex = 0; lastKnownFileType = unknown; name = "OpenSans-Light.ttf"; path = "../assets/fonts/Open_Sans/static/OpenSans/OpenSans-Light.ttf"; sourceTree = "<group>"; };
		3B07D6AA70D44198837B658C /* Poppins-Light.ttf */ = {isa = PBXFileReference; explicitFileType = undefined; fileEncoding = 9; includeInIndex = 0; lastKnownFileType = unknown; name = "Poppins-Light.ttf"; path = "../assets/fonts/Poppins/Poppins-Light.ttf"; sourceTree = "<group>"; };
		40E3B3104F5446AA804D838B /* Poppins-Italic.ttf */ = {isa = PBXFileReference; explicitFileType = undefined; fileEncoding = 9; includeInIndex = 0; lastKnownFileType = unknown; name = "Poppins-Italic.ttf"; path = "../assets/fonts/Poppins/Poppins-Italic.ttf"; sourceTree = "<group>"; };
		41310B5A0A5C4C068EE07CF0 /* OpenSans-Regular.ttf */ = {isa = PBXFileReference; explicitFileType = undefined; fileEncoding = 9; includeInIndex = 0; lastKnownFileType = unknown; name = "OpenSans-Regular.ttf"; path = "../assets/fonts/Open_Sans/static/OpenSans/OpenSans-Regular.ttf"; sourceTree = "<group>"; };
		4593EAA4DCB94011ADDB2685 /* Poppins-BoldItalic.ttf */ = {isa = PBXFileReference; explicitFileType = undefined; fileEncoding = 9; includeInIndex = 0; lastKnownFileType = unknown; name = "Poppins-BoldItalic.ttf"; path = "../assets/fonts/Poppins/Poppins-BoldItalic.ttf"; sourceTree = "<group>"; };
		4835E554C4ED47D4AA776177 /* Poppins-Thin.ttf */ = {isa = PBXFileReference; explicitFileType = undefined; fileEncoding = 9; includeInIndex = 0; lastKnownFileType = unknown; name = "Poppins-Thin.ttf"; path = "../assets/fonts/Poppins/Poppins-Thin.ttf"; sourceTree = "<group>"; };
		4ACABAFAD4504C169EFB2B5A /* OpenSans-LightItalic.ttf */ = {isa = PBXFileReference; explicitFileType = undefined; fileEncoding = 9; includeInIndex = 0; lastKnownFileType = unknown; name = "OpenSans-LightItalic.ttf"; path = "../assets/fonts/Open_Sans/static/OpenSans/OpenSans-LightItalic.ttf"; sourceTree = "<group>"; };
		4BE076B5F8F0D6F0DB923F16 /* Pods-BoilerPlate.debug.xcconfig */ = {isa = PBXFileReference; includeInIndex = 1; lastKnownFileType = text.xcconfig; name = "Pods-BoilerPlate.debug.xcconfig"; path = "Target Support Files/Pods-BoilerPlate/Pods-BoilerPlate.debug.xcconfig"; sourceTree = "<group>"; };
		4E487993F7874A68B0CA0F1A /* OpenSans_SemiCondensed-Regular.ttf */ = {isa = PBXFileReference; explicitFileType = undefined; fileEncoding = 9; includeInIndex = 0; lastKnownFileType = unknown; name = "OpenSans_SemiCondensed-Regular.ttf"; path = "../assets/fonts/Open_Sans/static/OpenSans_SemiCondensed/OpenSans_SemiCondensed-Regular.ttf"; sourceTree = "<group>"; };
		5361BF9FD6684BE1966626C4 /* Poppins-MediumItalic.ttf */ = {isa = PBXFileReference; explicitFileType = undefined; fileEncoding = 9; includeInIndex = 0; lastKnownFileType = unknown; name = "Poppins-MediumItalic.ttf"; path = "../assets/fonts/Poppins/Poppins-MediumItalic.ttf"; sourceTree = "<group>"; };
		53C9AFB121784A0EACC166B0 /* Poppins-ExtraLight.ttf */ = {isa = PBXFileReference; explicitFileType = undefined; fileEncoding = 9; includeInIndex = 0; lastKnownFileType = unknown; name = "Poppins-ExtraLight.ttf"; path = "../assets/fonts/Poppins/Poppins-ExtraLight.ttf"; sourceTree = "<group>"; };
		53EF8B1B055A43EAA8A90C26 /* Poppins-BlackItalic.ttf */ = {isa = PBXFileReference; explicitFileType = undefined; fileEncoding = 9; includeInIndex = 0; lastKnownFileType = unknown; name = "Poppins-BlackItalic.ttf"; path = "../assets/fonts/Poppins/Poppins-BlackItalic.ttf"; sourceTree = "<group>"; };
		58BFDB27C934453CB851565F /* OpenSans_Condensed-MediumItalic.ttf */ = {isa = PBXFileReference; explicitFileType = undefined; fileEncoding = 9; includeInIndex = 0; lastKnownFileType = unknown; name = "OpenSans_Condensed-MediumItalic.ttf"; path = "../assets/fonts/Open_Sans/static/OpenSans_Condensed/OpenSans_Condensed-MediumItalic.ttf"; sourceTree = "<group>"; };
		5991FFC32024410596A36624 /* OpenSans_SemiCondensed-BoldItalic.ttf */ = {isa = PBXFileReference; explicitFileType = undefined; fileEncoding = 9; includeInIndex = 0; lastKnownFileType = unknown; name = "OpenSans_SemiCondensed-BoldItalic.ttf"; path = "../assets/fonts/Open_Sans/static/OpenSans_SemiCondensed/OpenSans_SemiCondensed-BoldItalic.ttf"; sourceTree = "<group>"; };
		5C3E4814BD5B484BAF54CDFB /* OpenSans-BoldItalic.ttf */ = {isa = PBXFileReference; explicitFileType = undefined; fileEncoding = 9; includeInIndex = 0; lastKnownFileType = unknown; name = "OpenSans-BoldItalic.ttf"; path = "../assets/fonts/Open_Sans/static/OpenSans/OpenSans-BoldItalic.ttf"; sourceTree = "<group>"; };
		5C798BC0A7E64B179ADBBA93 /* OpenSans_Condensed-ExtraBold.ttf */ = {isa = PBXFileReference; explicitFileType = undefined; fileEncoding = 9; includeInIndex = 0; lastKnownFileType = unknown; name = "OpenSans_Condensed-ExtraBold.ttf"; path = "../assets/fonts/Open_Sans/static/OpenSans_Condensed/OpenSans_Condensed-ExtraBold.ttf"; sourceTree = "<group>"; };
		604FF579E3C648E7A5AF357D /* OpenSans-SemiBold.ttf */ = {isa = PBXFileReference; explicitFileType = undefined; fileEncoding = 9; includeInIndex = 0; lastKnownFileType = unknown; name = "OpenSans-SemiBold.ttf"; path = "../assets/fonts/Open_Sans/static/OpenSans/OpenSans-SemiBold.ttf"; sourceTree = "<group>"; };
		64CD535CF7E0405DBE67DF6C /* Poppins-ExtraLightItalic.ttf */ = {isa = PBXFileReference; explicitFileType = undefined; fileEncoding = 9; includeInIndex = 0; lastKnownFileType = unknown; name = "Poppins-ExtraLightItalic.ttf"; path = "../assets/fonts/Poppins/Poppins-ExtraLightItalic.ttf"; sourceTree = "<group>"; };
		666F2134B8F84ADB8FCDCDA1 /* OpenSans_Condensed-LightItalic.ttf */ = {isa = PBXFileReference; explicitFileType = undefined; fileEncoding = 9; includeInIndex = 0; lastKnownFileType = unknown; name = "OpenSans_Condensed-LightItalic.ttf"; path = "../assets/fonts/Open_Sans/static/OpenSans_Condensed/OpenSans_Condensed-LightItalic.ttf"; sourceTree = "<group>"; };
		691DFF62D8584F5FB2939890 /* OpenSans_Condensed-Light.ttf */ = {isa = PBXFileReference; explicitFileType = undefined; fileEncoding = 9; includeInIndex = 0; lastKnownFileType = unknown; name = "OpenSans_Condensed-Light.ttf"; path = "../assets/fonts/Open_Sans/static/OpenSans_Condensed/OpenSans_Condensed-Light.ttf"; sourceTree = "<group>"; };
		6D6DBBAE8BA67B92E9523E82 /* Pods-BoilerPlate-BoilerPlateTests.release.xcconfig */ = {isa = PBXFileReference; includeInIndex = 1; lastKnownFileType = text.xcconfig; name = "Pods-BoilerPlate-BoilerPlateTests.release.xcconfig"; path = "Target Support Files/Pods-BoilerPlate-BoilerPlateTests/Pods-BoilerPlate-BoilerPlateTests.release.xcconfig"; sourceTree = "<group>"; };
		707DFC1C3C7DFEBD0D4FBA14 /* Pods-BoilerPlate-BoilerPlateTests.debug.xcconfig */ = {isa = PBXFileReference; includeInIndex = 1; lastKnownFileType = text.xcconfig; name = "Pods-BoilerPlate-BoilerPlateTests.debug.xcconfig"; path = "Target Support Files/Pods-BoilerPlate-BoilerPlateTests/Pods-BoilerPlate-BoilerPlateTests.debug.xcconfig"; sourceTree = "<group>"; };
		74445EBAA40442AEA681931F /* OpenSans-ExtraBoldItalic.ttf */ = {isa = PBXFileReference; explicitFileType = undefined; fileEncoding = 9; includeInIndex = 0; lastKnownFileType = unknown; name = "OpenSans-ExtraBoldItalic.ttf"; path = "../assets/fonts/Open_Sans/static/OpenSans/OpenSans-ExtraBoldItalic.ttf"; sourceTree = "<group>"; };
		7453AC2517E143B3B3492203 /* OpenSans-Italic-VariableFont_wdth,wght.ttf */ = {isa = PBXFileReference; explicitFileType = undefined; fileEncoding = 9; includeInIndex = 0; lastKnownFileType = unknown; name = "OpenSans-Italic-VariableFont_wdth,wght.ttf"; path = "../assets/fonts/Open_Sans/OpenSans-Italic-VariableFont_wdth,wght.ttf"; sourceTree = "<group>"; };
		745DE1468E5D4CA692E4036D /* OpenSans_SemiCondensed-MediumItalic.ttf */ = {isa = PBXFileReference; explicitFileType = undefined; fileEncoding = 9; includeInIndex = 0; lastKnownFileType = unknown; name = "OpenSans_SemiCondensed-MediumItalic.ttf"; path = "../assets/fonts/Open_Sans/static/OpenSans_SemiCondensed/OpenSans_SemiCondensed-MediumItalic.ttf"; sourceTree = "<group>"; };
		7B33850E035A4C92BE8B4EDD /* OpenSans-VariableFont_wdth,wght.ttf */ = {isa = PBXFileReference; explicitFileType = undefined; fileEncoding = 9; includeInIndex = 0; lastKnownFileType = unknown; name = "OpenSans-VariableFont_wdth,wght.ttf"; path = "../assets/fonts/Open_Sans/OpenSans-VariableFont_wdth,wght.ttf"; sourceTree = "<group>"; };
		7EA5426D6BD24435A30F3EC9 /* OpenSans_Condensed-SemiBold.ttf */ = {isa = PBXFileReference; explicitFileType = undefined; fileEncoding = 9; includeInIndex = 0; lastKnownFileType = unknown; name = "OpenSans_Condensed-SemiBold.ttf"; path = "../assets/fonts/Open_Sans/static/OpenSans_Condensed/OpenSans_Condensed-SemiBold.ttf"; sourceTree = "<group>"; };
		7F1D6423FAB04BA5A18742EE /* OpenSans_Condensed-BoldItalic.ttf */ = {isa = PBXFileReference; explicitFileType = undefined; fileEncoding = 9; includeInIndex = 0; lastKnownFileType = unknown; name = "OpenSans_Condensed-BoldItalic.ttf"; path = "../assets/fonts/Open_Sans/static/OpenSans_Condensed/OpenSans_Condensed-BoldItalic.ttf"; sourceTree = "<group>"; };
		81AB9BB72411601600AC10FF /* LaunchScreen.storyboard */ = {isa = PBXFileReference; fileEncoding = 4; lastKnownFileType = file.storyboard; name = LaunchScreen.storyboard; path = BoilerPlate/LaunchScreen.storyboard; sourceTree = "<group>"; };
		86153CBBC3375CA895B04169 /* libPods-BoilerPlate-BoilerPlateTests.a */ = {isa = PBXFileReference; explicitFileType = archive.ar; includeInIndex = 0; path = "libPods-BoilerPlate-BoilerPlateTests.a"; sourceTree = BUILT_PRODUCTS_DIR; };
		8EC47306C7BA436295CA0767 /* OpenSans_SemiCondensed-SemiBoldItalic.ttf */ = {isa = PBXFileReference; explicitFileType = undefined; fileEncoding = 9; includeInIndex = 0; lastKnownFileType = unknown; name = "OpenSans_SemiCondensed-SemiBoldItalic.ttf"; path = "../assets/fonts/Open_Sans/static/OpenSans_SemiCondensed/OpenSans_SemiCondensed-SemiBoldItalic.ttf"; sourceTree = "<group>"; };
		909A68CEE4C940CDBCC7FFC1 /* Poppins-Regular.ttf */ = {isa = PBXFileReference; explicitFileType = undefined; fileEncoding = 9; includeInIndex = 0; lastKnownFileType = unknown; name = "Poppins-Regular.ttf"; path = "../assets/fonts/Poppins/Poppins-Regular.ttf"; sourceTree = "<group>"; };
		96A4E0C980A84C82BB3B4B19 /* OpenSans_Condensed-ExtraBoldItalic.ttf */ = {isa = PBXFileReference; explicitFileType = undefined; fileEncoding = 9; includeInIndex = 0; lastKnownFileType = unknown; name = "OpenSans_Condensed-ExtraBoldItalic.ttf"; path = "../assets/fonts/Open_Sans/static/OpenSans_Condensed/OpenSans_Condensed-ExtraBoldItalic.ttf"; sourceTree = "<group>"; };
		9F4E711F34B24D2798A95B72 /* OpenSans_SemiCondensed-ExtraBold.ttf */ = {isa = PBXFileReference; explicitFileType = undefined; fileEncoding = 9; includeInIndex = 0; lastKnownFileType = unknown; name = "OpenSans_SemiCondensed-ExtraBold.ttf"; path = "../assets/fonts/Open_Sans/static/OpenSans_SemiCondensed/OpenSans_SemiCondensed-ExtraBold.ttf"; sourceTree = "<group>"; };
		A1F9E17BE26B4F2E944C417F /* Poppins-Black.ttf */ = {isa = PBXFileReference; explicitFileType = undefined; fileEncoding = 9; includeInIndex = 0; lastKnownFileType = unknown; name = "Poppins-Black.ttf"; path = "../assets/fonts/Poppins/Poppins-Black.ttf"; sourceTree = "<group>"; };
		A41D5E1F37B546768C247EEF /* OpenSans-MediumItalic.ttf */ = {isa = PBXFileReference; explicitFileType = undefined; fileEncoding = 9; includeInIndex = 0; lastKnownFileType = unknown; name = "OpenSans-MediumItalic.ttf"; path = "../assets/fonts/Open_Sans/static/OpenSans/OpenSans-MediumItalic.ttf"; sourceTree = "<group>"; };
		A6A877B8C9A74D3EACEF9986 /* OpenSans-Medium.ttf */ = {isa = PBXFileReference; explicitFileType = undefined; fileEncoding = 9; includeInIndex = 0; lastKnownFileType = unknown; name = "OpenSans-Medium.ttf"; path = "../assets/fonts/Open_Sans/static/OpenSans/OpenSans-Medium.ttf"; sourceTree = "<group>"; };
		A733A279FA61D21BBE4BB8B8 /* libPods-BoilerPlate.a */ = {isa = PBXFileReference; explicitFileType = archive.ar; includeInIndex = 0; path = "libPods-BoilerPlate.a"; sourceTree = BUILT_PRODUCTS_DIR; };
		A9C8F23AE6FB45698A7C5908 /* OpenSans-Bold.ttf */ = {isa = PBXFileReference; explicitFileType = undefined; fileEncoding = 9; includeInIndex = 0; lastKnownFileType = unknown; name = "OpenSans-Bold.ttf"; path = "../assets/fonts/Open_Sans/static/OpenSans/OpenSans-Bold.ttf"; sourceTree = "<group>"; };
		B54AA48558C148FA84FB0CAB /* OpenSans_Condensed-SemiBoldItalic.ttf */ = {isa = PBXFileReference; explicitFileType = undefined; fileEncoding = 9; includeInIndex = 0; lastKnownFileType = unknown; name = "OpenSans_Condensed-SemiBoldItalic.ttf"; path = "../assets/fonts/Open_Sans/static/OpenSans_Condensed/OpenSans_Condensed-SemiBoldItalic.ttf"; sourceTree = "<group>"; };
		B87AA69EF34B4C95B035DA59 /* OpenSans_Condensed-Italic.ttf */ = {isa = PBXFileReference; explicitFileType = undefined; fileEncoding = 9; includeInIndex = 0; lastKnownFileType = unknown; name = "OpenSans_Condensed-Italic.ttf"; path = "../assets/fonts/Open_Sans/static/OpenSans_Condensed/OpenSans_Condensed-Italic.ttf"; sourceTree = "<group>"; };
		B8DCB9DDB0844CE99CF8F712 /* OpenSans_SemiCondensed-SemiBold.ttf */ = {isa = PBXFileReference; explicitFileType = undefined; fileEncoding = 9; includeInIndex = 0; lastKnownFileType = unknown; name = "OpenSans_SemiCondensed-SemiBold.ttf"; path = "../assets/fonts/Open_Sans/static/OpenSans_SemiCondensed/OpenSans_SemiCondensed-SemiBold.ttf"; sourceTree = "<group>"; };
		BC5CA989FF444B038C76FFC1 /* OpenSans_SemiCondensed-Italic.ttf */ = {isa = PBXFileReference; explicitFileType = undefined; fileEncoding = 9; includeInIndex = 0; lastKnownFileType = unknown; name = "OpenSans_SemiCondensed-Italic.ttf"; path = "../assets/fonts/Open_Sans/static/OpenSans_SemiCondensed/OpenSans_SemiCondensed-Italic.ttf"; sourceTree = "<group>"; };
		C6EAF9C618A345C2B733E997 /* OpenSans_SemiCondensed-Medium.ttf */ = {isa = PBXFileReference; explicitFileType = undefined; fileEncoding = 9; includeInIndex = 0; lastKnownFileType = unknown; name = "OpenSans_SemiCondensed-Medium.ttf"; path = "../assets/fonts/Open_Sans/static/OpenSans_SemiCondensed/OpenSans_SemiCondensed-Medium.ttf"; sourceTree = "<group>"; };
		C83F36024CFF4E2980FA3221 /* Poppins-ExtraBold.ttf */ = {isa = PBXFileReference; explicitFileType = undefined; fileEncoding = 9; includeInIndex = 0; lastKnownFileType = unknown; name = "Poppins-ExtraBold.ttf"; path = "../assets/fonts/Poppins/Poppins-ExtraBold.ttf"; sourceTree = "<group>"; };
		C8F0381800144EB396C1E5F5 /* Poppins-ExtraBoldItalic.ttf */ = {isa = PBXFileReference; explicitFileType = undefined; fileEncoding = 9; includeInIndex = 0; lastKnownFileType = unknown; name = "Poppins-ExtraBoldItalic.ttf"; path = "../assets/fonts/Poppins/Poppins-ExtraBoldItalic.ttf"; sourceTree = "<group>"; };
		CF76D8250BBB48C78C503C07 /* OpenSans_Condensed-Regular.ttf */ = {isa = PBXFileReference; explicitFileType = undefined; fileEncoding = 9; includeInIndex = 0; lastKnownFileType = unknown; name = "OpenSans_Condensed-Regular.ttf"; path = "../assets/fonts/Open_Sans/static/OpenSans_Condensed/OpenSans_Condensed-Regular.ttf"; sourceTree = "<group>"; };
		D0E4479AA75C4EB286B089F4 /* Poppins-SemiBoldItalic.ttf */ = {isa = PBXFileReference; explicitFileType = undefined; fileEncoding = 9; includeInIndex = 0; lastKnownFileType = unknown; name = "Poppins-SemiBoldItalic.ttf"; path = "../assets/fonts/Poppins/Poppins-SemiBoldItalic.ttf"; sourceTree = "<group>"; };
		D0F021A539604BDB8C1104C3 /* OpenSans_SemiCondensed-LightItalic.ttf */ = {isa = PBXFileReference; explicitFileType = undefined; fileEncoding = 9; includeInIndex = 0; lastKnownFileType = unknown; name = "OpenSans_SemiCondensed-LightItalic.ttf"; path = "../assets/fonts/Open_Sans/static/OpenSans_SemiCondensed/OpenSans_SemiCondensed-LightItalic.ttf"; sourceTree = "<group>"; };
		D97202E1CFC849E2B9C93795 /* OpenSans_Condensed-Medium.ttf */ = {isa = PBXFileReference; explicitFileType = undefined; fileEncoding = 9; includeInIndex = 0; lastKnownFileType = unknown; name = "OpenSans_Condensed-Medium.ttf"; path = "../assets/fonts/Open_Sans/static/OpenSans_Condensed/OpenSans_Condensed-Medium.ttf"; sourceTree = "<group>"; };
		DE620043208643A49C3D8A53 /* Poppins-Medium.ttf */ = {isa = PBXFileReference; explicitFileType = undefined; fileEncoding = 9; includeInIndex = 0; lastKnownFileType = unknown; name = "Poppins-Medium.ttf"; path = "../assets/fonts/Poppins/Poppins-Medium.ttf"; sourceTree = "<group>"; };
		E10B2F4CF8134209BA1F1D59 /* OpenSans-SemiBoldItalic.ttf */ = {isa = PBXFileReference; explicitFileType = undefined; fileEncoding = 9; includeInIndex = 0; lastKnownFileType = unknown; name = "OpenSans-SemiBoldItalic.ttf"; path = "../assets/fonts/Open_Sans/static/OpenSans/OpenSans-SemiBoldItalic.ttf"; sourceTree = "<group>"; };
		E17A3FA1AFD74BB3A280EDA8 /* OpenSans_SemiCondensed-Light.ttf */ = {isa = PBXFileReference; explicitFileType = undefined; fileEncoding = 9; includeInIndex = 0; lastKnownFileType = unknown; name = "OpenSans_SemiCondensed-Light.ttf"; path = "../assets/fonts/Open_Sans/static/OpenSans_SemiCondensed/OpenSans_SemiCondensed-Light.ttf"; sourceTree = "<group>"; };
		E79F09E3140C404B94DFE508 /* OpenSans-ExtraBold.ttf */ = {isa = PBXFileReference; explicitFileType = undefined; fileEncoding = 9; includeInIndex = 0; lastKnownFileType = unknown; name = "OpenSans-ExtraBold.ttf"; path = "../assets/fonts/Open_Sans/static/OpenSans/OpenSans-ExtraBold.ttf"; sourceTree = "<group>"; };
		E7B1FFAC1F2E40C0B5E9D6F3 /* Poppins-ThinItalic.ttf */ = {isa = PBXFileReference; explicitFileType = undefined; fileEncoding = 9; includeInIndex = 0; lastKnownFileType = unknown; name = "Poppins-ThinItalic.ttf"; path = "../assets/fonts/Poppins/Poppins-ThinItalic.ttf"; sourceTree = "<group>"; };
		ED297162215061F000B7C4FE /* JavaScriptCore.framework */ = {isa = PBXFileReference; lastKnownFileType = wrapper.framework; name = JavaScriptCore.framework; path = System/Library/Frameworks/JavaScriptCore.framework; sourceTree = SDKROOT; };
		F327E9B07ED549478012733B /* Poppins-SemiBold.ttf */ = {isa = PBXFileReference; explicitFileType = undefined; fileEncoding = 9; includeInIndex = 0; lastKnownFileType = unknown; name = "Poppins-SemiBold.ttf"; path = "../assets/fonts/Poppins/Poppins-SemiBold.ttf"; sourceTree = "<group>"; };
		F829F55C54D34933815FD2D9 /* OpenSans_SemiCondensed-Bold.ttf */ = {isa = PBXFileReference; explicitFileType = undefined; fileEncoding = 9; includeInIndex = 0; lastKnownFileType = unknown; name = "OpenSans_SemiCondensed-Bold.ttf"; path = "../assets/fonts/Open_Sans/static/OpenSans_SemiCondensed/OpenSans_SemiCondensed-Bold.ttf"; sourceTree = "<group>"; };
		F9A64B7C5BAD4B99B01B3CA8 /* OpenSans_SemiCondensed-ExtraBoldItalic.ttf */ = {isa = PBXFileReference; explicitFileType = undefined; fileEncoding = 9; includeInIndex = 0; lastKnownFileType = unknown; name = "OpenSans_SemiCondensed-ExtraBoldItalic.ttf"; path = "../assets/fonts/Open_Sans/static/OpenSans_SemiCondensed/OpenSans_SemiCondensed-ExtraBoldItalic.ttf"; sourceTree = "<group>"; };
		FCBEA1F025A7448FA22EDCE5 /* OpenSans-Italic.ttf */ = {isa = PBXFileReference; explicitFileType = undefined; fileEncoding = 9; includeInIndex = 0; lastKnownFileType = unknown; name = "OpenSans-Italic.ttf"; path = "../assets/fonts/Open_Sans/static/OpenSans/OpenSans-Italic.ttf"; sourceTree = "<group>"; };
/* End PBXFileReference section */

/* Begin PBXFrameworksBuildPhase section */
		00E356EB1AD99517003FC87E /* Frameworks */ = {
			isa = PBXFrameworksBuildPhase;
			buildActionMask = 2147483647;
			files = (
				808380252EC8627BB417DF32 /* libPods-BoilerPlate-BoilerPlateTests.a in Frameworks */,
			);
			runOnlyForDeploymentPostprocessing = 0;
		};
		13B07F8C1A680F5B00A75B9A /* Frameworks */ = {
			isa = PBXFrameworksBuildPhase;
			buildActionMask = 2147483647;
			files = (
				89B88111C88FD6EA079B3B13 /* libPods-BoilerPlate.a in Frameworks */,
			);
			runOnlyForDeploymentPostprocessing = 0;
		};
/* End PBXFrameworksBuildPhase section */

/* Begin PBXGroup section */
		00E356EF1AD99517003FC87E /* BoilerPlateTests */ = {
			isa = PBXGroup;
			children = (
				00E356F21AD99517003FC87E /* BoilerPlateTests.m */,
				00E356F01AD99517003FC87E /* Supporting Files */,
			);
			path = BoilerPlateTests;
			sourceTree = "<group>";
		};
		00E356F01AD99517003FC87E /* Supporting Files */ = {
			isa = PBXGroup;
			children = (
				00E356F11AD99517003FC87E /* Info.plist */,
			);
			name = "Supporting Files";
			sourceTree = "<group>";
		};
		02FE7579DC2F44E486A77A94 /* Resources */ = {
			isa = PBXGroup;
			children = (
				7453AC2517E143B3B3492203 /* OpenSans-Italic-VariableFont_wdth,wght.ttf */,
				7B33850E035A4C92BE8B4EDD /* OpenSans-VariableFont_wdth,wght.ttf */,
				02A0F428B6024EEDB57D6914 /* OpenSans_Condensed-Bold.ttf */,
				7F1D6423FAB04BA5A18742EE /* OpenSans_Condensed-BoldItalic.ttf */,
				5C798BC0A7E64B179ADBBA93 /* OpenSans_Condensed-ExtraBold.ttf */,
				96A4E0C980A84C82BB3B4B19 /* OpenSans_Condensed-ExtraBoldItalic.ttf */,
				B87AA69EF34B4C95B035DA59 /* OpenSans_Condensed-Italic.ttf */,
				691DFF62D8584F5FB2939890 /* OpenSans_Condensed-Light.ttf */,
				666F2134B8F84ADB8FCDCDA1 /* OpenSans_Condensed-LightItalic.ttf */,
				D97202E1CFC849E2B9C93795 /* OpenSans_Condensed-Medium.ttf */,
				58BFDB27C934453CB851565F /* OpenSans_Condensed-MediumItalic.ttf */,
				CF76D8250BBB48C78C503C07 /* OpenSans_Condensed-Regular.ttf */,
				7EA5426D6BD24435A30F3EC9 /* OpenSans_Condensed-SemiBold.ttf */,
				B54AA48558C148FA84FB0CAB /* OpenSans_Condensed-SemiBoldItalic.ttf */,
				F829F55C54D34933815FD2D9 /* OpenSans_SemiCondensed-Bold.ttf */,
				5991FFC32024410596A36624 /* OpenSans_SemiCondensed-BoldItalic.ttf */,
				9F4E711F34B24D2798A95B72 /* OpenSans_SemiCondensed-ExtraBold.ttf */,
				F9A64B7C5BAD4B99B01B3CA8 /* OpenSans_SemiCondensed-ExtraBoldItalic.ttf */,
				BC5CA989FF444B038C76FFC1 /* OpenSans_SemiCondensed-Italic.ttf */,
				E17A3FA1AFD74BB3A280EDA8 /* OpenSans_SemiCondensed-Light.ttf */,
				D0F021A539604BDB8C1104C3 /* OpenSans_SemiCondensed-LightItalic.ttf */,
				C6EAF9C618A345C2B733E997 /* OpenSans_SemiCondensed-Medium.ttf */,
				745DE1468E5D4CA692E4036D /* OpenSans_SemiCondensed-MediumItalic.ttf */,
				4E487993F7874A68B0CA0F1A /* OpenSans_SemiCondensed-Regular.ttf */,
				B8DCB9DDB0844CE99CF8F712 /* OpenSans_SemiCondensed-SemiBold.ttf */,
				8EC47306C7BA436295CA0767 /* OpenSans_SemiCondensed-SemiBoldItalic.ttf */,
				A9C8F23AE6FB45698A7C5908 /* OpenSans-Bold.ttf */,
				5C3E4814BD5B484BAF54CDFB /* OpenSans-BoldItalic.ttf */,
				E79F09E3140C404B94DFE508 /* OpenSans-ExtraBold.ttf */,
				74445EBAA40442AEA681931F /* OpenSans-ExtraBoldItalic.ttf */,
				FCBEA1F025A7448FA22EDCE5 /* OpenSans-Italic.ttf */,
				291BBEB15CF043049D783D81 /* OpenSans-Light.ttf */,
				4ACABAFAD4504C169EFB2B5A /* OpenSans-LightItalic.ttf */,
				A6A877B8C9A74D3EACEF9986 /* OpenSans-Medium.ttf */,
				A41D5E1F37B546768C247EEF /* OpenSans-MediumItalic.ttf */,
				41310B5A0A5C4C068EE07CF0 /* OpenSans-Regular.ttf */,
				604FF579E3C648E7A5AF357D /* OpenSans-SemiBold.ttf */,
				E10B2F4CF8134209BA1F1D59 /* OpenSans-SemiBoldItalic.ttf */,
				A1F9E17BE26B4F2E944C417F /* Poppins-Black.ttf */,
				53EF8B1B055A43EAA8A90C26 /* Poppins-BlackItalic.ttf */,
				27DCA58DFC974BCF8C63ABA3 /* Poppins-Bold.ttf */,
				4593EAA4DCB94011ADDB2685 /* Poppins-BoldItalic.ttf */,
				C83F36024CFF4E2980FA3221 /* Poppins-ExtraBold.ttf */,
				C8F0381800144EB396C1E5F5 /* Poppins-ExtraBoldItalic.ttf */,
				53C9AFB121784A0EACC166B0 /* Poppins-ExtraLight.ttf */,
				64CD535CF7E0405DBE67DF6C /* Poppins-ExtraLightItalic.ttf */,
				40E3B3104F5446AA804D838B /* Poppins-Italic.ttf */,
				3B07D6AA70D44198837B658C /* Poppins-Light.ttf */,
				00C892A955EA45BAB14C641D /* Poppins-LightItalic.ttf */,
				DE620043208643A49C3D8A53 /* Poppins-Medium.ttf */,
				5361BF9FD6684BE1966626C4 /* Poppins-MediumItalic.ttf */,
				909A68CEE4C940CDBCC7FFC1 /* Poppins-Regular.ttf */,
				F327E9B07ED549478012733B /* Poppins-SemiBold.ttf */,
				D0E4479AA75C4EB286B089F4 /* Poppins-SemiBoldItalic.ttf */,
				4835E554C4ED47D4AA776177 /* Poppins-Thin.ttf */,
				E7B1FFAC1F2E40C0B5E9D6F3 /* Poppins-ThinItalic.ttf */,
			);
			name = Resources;
			sourceTree = "<group>";
		};
		13B07FAE1A68108700A75B9A /* BoilerPlate */ = {
			isa = PBXGroup;
			children = (
				14AABE0E278C72ED00970949 /* GoogleService-Info.plist */,
				13B07FAF1A68108700A75B9A /* AppDelegate.h */,
				13B07FB01A68108700A75B9A /* AppDelegate.m */,
				13B07FB51A68108700A75B9A /* Images.xcassets */,
				13B07FB61A68108700A75B9A /* Info.plist */,
				81AB9BB72411601600AC10FF /* LaunchScreen.storyboard */,
				13B07FB71A68108700A75B9A /* main.m */,
			);
			name = BoilerPlate;
			sourceTree = "<group>";
		};
		2D16E6871FA4F8E400B85C8A /* Frameworks */ = {
			isa = PBXGroup;
			children = (
				ED297162215061F000B7C4FE /* JavaScriptCore.framework */,
				A733A279FA61D21BBE4BB8B8 /* libPods-BoilerPlate.a */,
				86153CBBC3375CA895B04169 /* libPods-BoilerPlate-BoilerPlateTests.a */,
			);
			name = Frameworks;
			sourceTree = "<group>";
		};
		7005FB5714B36E7DB33CEC43 /* Pods */ = {
			isa = PBXGroup;
			children = (
				4BE076B5F8F0D6F0DB923F16 /* Pods-BoilerPlate.debug.xcconfig */,
				0B8688CA8C24B8BD13C00FA3 /* Pods-BoilerPlate.release.xcconfig */,
				707DFC1C3C7DFEBD0D4FBA14 /* Pods-BoilerPlate-BoilerPlateTests.debug.xcconfig */,
				6D6DBBAE8BA67B92E9523E82 /* Pods-BoilerPlate-BoilerPlateTests.release.xcconfig */,
			);
			path = Pods;
			sourceTree = "<group>";
		};
		832341AE1AAA6A7D00B99B32 /* Libraries */ = {
			isa = PBXGroup;
			children = (
			);
			name = Libraries;
			sourceTree = "<group>";
		};
		83CBB9F61A601CBA00E9B192 = {
			isa = PBXGroup;
			children = (
				13B07FAE1A68108700A75B9A /* BoilerPlate */,
				832341AE1AAA6A7D00B99B32 /* Libraries */,
				00E356EF1AD99517003FC87E /* BoilerPlateTests */,
				83CBBA001A601CBA00E9B192 /* Products */,
				2D16E6871FA4F8E400B85C8A /* Frameworks */,
				7005FB5714B36E7DB33CEC43 /* Pods */,
				02FE7579DC2F44E486A77A94 /* Resources */,
			);
			indentWidth = 2;
			sourceTree = "<group>";
			tabWidth = 2;
			usesTabs = 0;
		};
		83CBBA001A601CBA00E9B192 /* Products */ = {
			isa = PBXGroup;
			children = (
				13B07F961A680F5B00A75B9A /* BoilerPlate.app */,
				00E356EE1AD99517003FC87E /* BoilerPlateTests.xctest */,
			);
			name = Products;
			sourceTree = "<group>";
		};
/* End PBXGroup section */

/* Begin PBXNativeTarget section */
		00E356ED1AD99517003FC87E /* BoilerPlateTests */ = {
			isa = PBXNativeTarget;
			buildConfigurationList = 00E357021AD99517003FC87E /* Build configuration list for PBXNativeTarget "BoilerPlateTests" */;
			buildPhases = (
				70C887289FDC933DBD18046A /* [CP] Check Pods Manifest.lock */,
				00E356EA1AD99517003FC87E /* Sources */,
				00E356EB1AD99517003FC87E /* Frameworks */,
				00E356EC1AD99517003FC87E /* Resources */,
				E9B5CFD326EF92F40BFCCF21 /* [CP] Embed Pods Frameworks */,
				96CED6EAD58522D6D522D613 /* [CP] Copy Pods Resources */,
			);
			buildRules = (
			);
			dependencies = (
				00E356F51AD99517003FC87E /* PBXTargetDependency */,
			);
			name = BoilerPlateTests;
			productName = BoilerPlateTests;
			productReference = 00E356EE1AD99517003FC87E /* BoilerPlateTests.xctest */;
			productType = "com.apple.product-type.bundle.unit-test";
		};
		13B07F861A680F5B00A75B9A /* BoilerPlate */ = {
			isa = PBXNativeTarget;
			buildConfigurationList = 13B07F931A680F5B00A75B9A /* Build configuration list for PBXNativeTarget "BoilerPlate" */;
			buildPhases = (
				C9BC708E4D67752E6BD741D5 /* [CP] Check Pods Manifest.lock */,
				FD10A7F022414F080027D42C /* Start Packager */,
				13B07F871A680F5B00A75B9A /* Sources */,
				13B07F8C1A680F5B00A75B9A /* Frameworks */,
				13B07F8E1A680F5B00A75B9A /* Resources */,
				00DD1BFF1BD5951E006B06BC /* Bundle React Native code and images */,
				C05A74AF3DF3FC9CDCC7FEF8 /* [CP] Embed Pods Frameworks */,
				FD75CB3092B0BF67B0C18845 /* [CP] Copy Pods Resources */,
				4E567ED10DA213966E132BD5 /* [CP-User] [RNFB] Core Configuration */,
			);
			buildRules = (
			);
			dependencies = (
			);
			name = BoilerPlate;
			productName = BoilerPlate;
			productReference = 13B07F961A680F5B00A75B9A /* BoilerPlate.app */;
			productType = "com.apple.product-type.application";
		};
/* End PBXNativeTarget section */

/* Begin PBXProject section */
		83CBB9F71A601CBA00E9B192 /* Project object */ = {
			isa = PBXProject;
			attributes = {
				LastUpgradeCheck = 1210;
				TargetAttributes = {
					00E356ED1AD99517003FC87E = {
						CreatedOnToolsVersion = 6.2;
						TestTargetID = 13B07F861A680F5B00A75B9A;
					};
					13B07F861A680F5B00A75B9A = {
						LastSwiftMigration = 1120;
					};
				};
			};
			buildConfigurationList = 83CBB9FA1A601CBA00E9B192 /* Build configuration list for PBXProject "BoilerPlate" */;
			compatibilityVersion = "Xcode 12.0";
			developmentRegion = en;
			hasScannedForEncodings = 0;
			knownRegions = (
				en,
				Base,
			);
			mainGroup = 83CBB9F61A601CBA00E9B192;
			productRefGroup = 83CBBA001A601CBA00E9B192 /* Products */;
			projectDirPath = "";
			projectRoot = "";
			targets = (
				13B07F861A680F5B00A75B9A /* BoilerPlate */,
				00E356ED1AD99517003FC87E /* BoilerPlateTests */,
			);
		};
/* End PBXProject section */

/* Begin PBXResourcesBuildPhase section */
		00E356EC1AD99517003FC87E /* Resources */ = {
			isa = PBXResourcesBuildPhase;
			buildActionMask = 2147483647;
			files = (
			);
			runOnlyForDeploymentPostprocessing = 0;
		};
		13B07F8E1A680F5B00A75B9A /* Resources */ = {
			isa = PBXResourcesBuildPhase;
			buildActionMask = 2147483647;
			files = (
				81AB9BB82411601600AC10FF /* LaunchScreen.storyboard in Resources */,
				13B07FBF1A68108700A75B9A /* Images.xcassets in Resources */,
				A408534A11CA4D819D999DDE /* OpenSans-Italic-VariableFont_wdth,wght.ttf in Resources */,
				30F30604211C44E38ACB3127 /* OpenSans-VariableFont_wdth,wght.ttf in Resources */,
				B5995DF15D9446A6A4267CF2 /* OpenSans_Condensed-Bold.ttf in Resources */,
				8832D79B7335452D91A56741 /* OpenSans_Condensed-BoldItalic.ttf in Resources */,
				C93A6EFEB42C46AF8811ECF4 /* OpenSans_Condensed-ExtraBold.ttf in Resources */,
				38A0D493C20141D889AA1799 /* OpenSans_Condensed-ExtraBoldItalic.ttf in Resources */,
				F2FF3FCAEE0C43EEA9128E9C /* OpenSans_Condensed-Italic.ttf in Resources */,
				44D18B48561346DABE0B8089 /* OpenSans_Condensed-Light.ttf in Resources */,
				9CB92A8062A2416FA8F1ACD5 /* OpenSans_Condensed-LightItalic.ttf in Resources */,
				DC040AC17DD742FEA083DBD9 /* OpenSans_Condensed-Medium.ttf in Resources */,
				0B22A3EBEE81498AB33437C2 /* OpenSans_Condensed-MediumItalic.ttf in Resources */,
				291352FBD99D4B36A6000390 /* OpenSans_Condensed-Regular.ttf in Resources */,
				80D9BF830835497090C264DE /* OpenSans_Condensed-SemiBold.ttf in Resources */,
				26150388620A44C9A2975EB5 /* OpenSans_Condensed-SemiBoldItalic.ttf in Resources */,
				7B46C0180C5F4341AE2DE86B /* OpenSans_SemiCondensed-Bold.ttf in Resources */,
				14AABE0F278C72ED00970949 /* GoogleService-Info.plist in Resources */,
				8752046425394A3496D8A5E4 /* OpenSans_SemiCondensed-BoldItalic.ttf in Resources */,
				9E953A2D13BD4C0981FC3929 /* OpenSans_SemiCondensed-ExtraBold.ttf in Resources */,
				5B488ABFF534494AA1D58862 /* OpenSans_SemiCondensed-ExtraBoldItalic.ttf in Resources */,
				22D4DCAFC4134B0ABDA73F99 /* OpenSans_SemiCondensed-Italic.ttf in Resources */,
				17B8610726DE40F8AE64B44D /* OpenSans_SemiCondensed-Light.ttf in Resources */,
				C7B57060AAA141F4959C013C /* OpenSans_SemiCondensed-LightItalic.ttf in Resources */,
				8BB079ECD3384B94848BF4B8 /* OpenSans_SemiCondensed-Medium.ttf in Resources */,
				2F2BC5340B564210B8325ABD /* OpenSans_SemiCondensed-MediumItalic.ttf in Resources */,
				29994A5CC260422FA122096F /* OpenSans_SemiCondensed-Regular.ttf in Resources */,
				EC051CDC1B5248F682527394 /* OpenSans_SemiCondensed-SemiBold.ttf in Resources */,
				72DA7E353B85426A8571D44A /* OpenSans_SemiCondensed-SemiBoldItalic.ttf in Resources */,
				BB147D35415D42E982EA6A5E /* OpenSans-Bold.ttf in Resources */,
				6C6EDE9795DA4B01A5F19595 /* OpenSans-BoldItalic.ttf in Resources */,
				0973D29FC89B4DF8809236B5 /* OpenSans-ExtraBold.ttf in Resources */,
				2E6082CD1A3A460295840633 /* OpenSans-ExtraBoldItalic.ttf in Resources */,
				6D75C1768BB24F6486377CA6 /* OpenSans-Italic.ttf in Resources */,
				8CFBCE9C2A6942D0A912F981 /* OpenSans-Light.ttf in Resources */,
				290D0902173B40C79EB508CE /* OpenSans-LightItalic.ttf in Resources */,
				988CBD0C9F2B4DE6A254FF97 /* OpenSans-Medium.ttf in Resources */,
				888B566F79044E48A80D5C9E /* OpenSans-MediumItalic.ttf in Resources */,
				6FB50ABE362846AAB5FDDEEE /* OpenSans-Regular.ttf in Resources */,
				54F54F3BBA4B4CF2903260D2 /* OpenSans-SemiBold.ttf in Resources */,
				1729FEF9B0ED435DA9C9A9DE /* OpenSans-SemiBoldItalic.ttf in Resources */,
				9E5C83D869B34B5489803EEA /* Poppins-Black.ttf in Resources */,
				E78D62369A8949C8A5790D29 /* Poppins-BlackItalic.ttf in Resources */,
				79E302A73A3E4A409B74AB3F /* Poppins-Bold.ttf in Resources */,
				A04754E0971245148D63F772 /* Poppins-BoldItalic.ttf in Resources */,
				591561F830044B6CBAEC4101 /* Poppins-ExtraBold.ttf in Resources */,
				693DC4FF9BFD4B18B3DA16AC /* Poppins-ExtraBoldItalic.ttf in Resources */,
				51D5CE195C164266A9DC68F7 /* Poppins-ExtraLight.ttf in Resources */,
				8B3E280C51D345228AF224FD /* Poppins-ExtraLightItalic.ttf in Resources */,
				641E816A48B3434082A1CCE7 /* Poppins-Italic.ttf in Resources */,
				0FBABB1A43C149C9A2C68235 /* Poppins-Light.ttf in Resources */,
				F3B4D59F090E4B06A2BB5F27 /* Poppins-LightItalic.ttf in Resources */,
				4640222D54FC433FA434D320 /* Poppins-Medium.ttf in Resources */,
				9901E5464A684362874EEBAA /* Poppins-MediumItalic.ttf in Resources */,
				7B0479AD5D924DA59B07273E /* Poppins-Regular.ttf in Resources */,
				1C15B332A4B24E229E80A511 /* Poppins-SemiBold.ttf in Resources */,
				5A1E8AE9F35B425F9ED016E2 /* Poppins-SemiBoldItalic.ttf in Resources */,
				68055297E4E848CF920DDB67 /* Poppins-Thin.ttf in Resources */,
				80C2D134D5F644A0B1B340D0 /* Poppins-ThinItalic.ttf in Resources */,
			);
			runOnlyForDeploymentPostprocessing = 0;
		};
/* End PBXResourcesBuildPhase section */

/* Begin PBXShellScriptBuildPhase section */
		00DD1BFF1BD5951E006B06BC /* Bundle React Native code and images */ = {
			isa = PBXShellScriptBuildPhase;
			buildActionMask = 2147483647;
			files = (
			);
			inputPaths = (
			);
			name = "Bundle React Native code and images";
			outputPaths = (
			);
			runOnlyForDeploymentPostprocessing = 0;
			shellPath = /bin/sh;
			shellScript = "set -e\n\nexport NODE_BINARY=node\n../node_modules/react-native/scripts/react-native-xcode.sh\n";
		};
		4E567ED10DA213966E132BD5 /* [CP-User] [RNFB] Core Configuration */ = {
			isa = PBXShellScriptBuildPhase;
			buildActionMask = 2147483647;
			files = (
			);
			inputPaths = (
				"$(BUILT_PRODUCTS_DIR)/$(INFOPLIST_PATH)",
			);
			name = "[CP-User] [RNFB] Core Configuration";
			runOnlyForDeploymentPostprocessing = 0;
			shellPath = /bin/sh;
			shellScript = "#!/usr/bin/env bash\n#\n# Copyright (c) 2016-present Invertase Limited & Contributors\n#\n# Licensed under the Apache License, Version 2.0 (the \"License\");\n# you may not use this library except in compliance with the License.\n# You may obtain a copy of the License at\n#\n#   http://www.apache.org/licenses/LICENSE-2.0\n#\n# Unless required by applicable law or agreed to in writing, software\n# distributed under the License is distributed on an \"AS IS\" BASIS,\n# WITHOUT WARRANTIES OR CONDITIONS OF ANY KIND, either express or implied.\n# See the License for the specific language governing permissions and\n# limitations under the License.\n#\nset -e\n\n_MAX_LOOKUPS=2;\n_SEARCH_RESULT=''\n_RN_ROOT_EXISTS=''\n_CURRENT_LOOKUPS=1\n_JSON_ROOT=\"'react-native'\"\n_JSON_FILE_NAME='firebase.json'\n_JSON_OUTPUT_BASE64='e30=' # { }\n_CURRENT_SEARCH_DIR=${PROJECT_DIR}\n_PLIST_BUDDY=/usr/libexec/PlistBuddy\n_TARGET_PLIST=\"${BUILT_PRODUCTS_DIR}/${INFOPLIST_PATH}\"\n_DSYM_PLIST=\"${DWARF_DSYM_FOLDER_PATH}/${DWARF_DSYM_FILE_NAME}/Contents/Info.plist\"\n\n# plist arrays\n_PLIST_ENTRY_KEYS=()\n_PLIST_ENTRY_TYPES=()\n_PLIST_ENTRY_VALUES=()\n\nfunction setPlistValue {\n  echo \"info:      setting plist entry '$1' of type '$2' in file '$4'\"\n  ${_PLIST_BUDDY} -c \"Add :$1 $2 '$3'\" $4 || echo \"info:      '$1' already exists\"\n}\n\nfunction getFirebaseJsonKeyValue () {\n  if [[ ${_RN_ROOT_EXISTS} ]]; then\n    ruby -e \"require 'rubygems';require 'json'; output=JSON.parse('$1'); puts output[$_JSON_ROOT]['$2']\"\n  else\n    echo \"\"\n  fi;\n}\n\nfunction jsonBoolToYesNo () {\n  if [[ $1 == \"false\" ]]; then\n    echo \"NO\"\n  elif [[ $1 == \"true\" ]]; then\n    echo \"YES\"\n  else echo \"NO\"\n  fi\n}\n\necho \"info: -> RNFB build script started\"\necho \"info: 1) Locating ${_JSON_FILE_NAME} file:\"\n\nif [[ -z ${_CURRENT_SEARCH_DIR} ]]; then\n  _CURRENT_SEARCH_DIR=$(pwd)\nfi;\n\nwhile true; do\n  _CURRENT_SEARCH_DIR=$(dirname \"$_CURRENT_SEARCH_DIR\")\n  if [[ \"$_CURRENT_SEARCH_DIR\" == \"/\" ]] || [[ ${_CURRENT_LOOKUPS} -gt ${_MAX_LOOKUPS} ]]; then break; fi;\n  echo \"info:      ($_CURRENT_LOOKUPS of $_MAX_LOOKUPS) Searching in '$_CURRENT_SEARCH_DIR' for a ${_JSON_FILE_NAME} file.\"\n  _SEARCH_RESULT=$(find \"$_CURRENT_SEARCH_DIR\" -maxdepth 2 -name ${_JSON_FILE_NAME} -print | /usr/bin/head -n 1)\n  if [[ ${_SEARCH_RESULT} ]]; then\n    echo \"info:      ${_JSON_FILE_NAME} found at $_SEARCH_RESULT\"\n    break;\n  fi;\n  _CURRENT_LOOKUPS=$((_CURRENT_LOOKUPS+1))\ndone\n\nif [[ ${_SEARCH_RESULT} ]]; then\n  _JSON_OUTPUT_RAW=$(cat \"${_SEARCH_RESULT}\")\n  _RN_ROOT_EXISTS=$(ruby -e \"require 'rubygems';require 'json'; output=JSON.parse('$_JSON_OUTPUT_RAW'); puts output[$_JSON_ROOT]\" || echo '')\n\n  if [[ ${_RN_ROOT_EXISTS} ]]; then\n    _JSON_OUTPUT_BASE64=$(python -c 'import json,sys,base64;print(base64.b64encode(json.dumps(json.loads(open('\"'${_SEARCH_RESULT}'\"').read())['${_JSON_ROOT}'])))' || echo \"e30=\")\n  fi\n\n  _PLIST_ENTRY_KEYS+=(\"firebase_json_raw\")\n  _PLIST_ENTRY_TYPES+=(\"string\")\n  _PLIST_ENTRY_VALUES+=(\"$_JSON_OUTPUT_BASE64\")\n\n  # config.app_data_collection_default_enabled\n  _APP_DATA_COLLECTION_ENABLED=$(getFirebaseJsonKeyValue \"$_JSON_OUTPUT_RAW\" \"app_data_collection_default_enabled\")\n  if [[ $_APP_DATA_COLLECTION_ENABLED ]]; then\n    _PLIST_ENTRY_KEYS+=(\"FirebaseDataCollectionDefaultEnabled\")\n    _PLIST_ENTRY_TYPES+=(\"bool\")\n    _PLIST_ENTRY_VALUES+=(\"$(jsonBoolToYesNo \"$_APP_DATA_COLLECTION_ENABLED\")\")\n  fi\n\n  # config.analytics_auto_collection_enabled\n  _ANALYTICS_AUTO_COLLECTION=$(getFirebaseJsonKeyValue \"$_JSON_OUTPUT_RAW\" \"analytics_auto_collection_enabled\")\n  if [[ $_ANALYTICS_AUTO_COLLECTION ]]; then\n    _PLIST_ENTRY_KEYS+=(\"FIREBASE_ANALYTICS_COLLECTION_ENABLED\")\n    _PLIST_ENTRY_TYPES+=(\"bool\")\n    _PLIST_ENTRY_VALUES+=(\"$(jsonBoolToYesNo \"$_ANALYTICS_AUTO_COLLECTION\")\")\n  fi\n\n  # config.analytics_collection_deactivated\n  _ANALYTICS_DEACTIVATED=$(getFirebaseJsonKeyValue \"$_JSON_OUTPUT_RAW\" \"analytics_collection_deactivated\")\n  if [[ $_ANALYTICS_DEACTIVATED ]]; then\n    _PLIST_ENTRY_KEYS+=(\"FIREBASE_ANALYTICS_COLLECTION_DEACTIVATED\")\n    _PLIST_ENTRY_TYPES+=(\"bool\")\n    _PLIST_ENTRY_VALUES+=(\"$(jsonBoolToYesNo \"$_ANALYTICS_DEACTIVATED\")\")\n  fi\n\n  # config.analytics_idfv_collection_enabled\n  _ANALYTICS_IDFV_COLLECTION=$(getFirebaseJsonKeyValue \"$_JSON_OUTPUT_RAW\" \"analytics_idfv_collection_enabled\")\n  if [[ $_ANALYTICS_IDFV_COLLECTION ]]; then\n    _PLIST_ENTRY_KEYS+=(\"GOOGLE_ANALYTICS_IDFV_COLLECTION_ENABLED\")\n    _PLIST_ENTRY_TYPES+=(\"bool\")\n    _PLIST_ENTRY_VALUES+=(\"$(jsonBoolToYesNo \"$_ANALYTICS_IDFV_COLLECTION\")\")\n  fi\n\n  # config.analytics_default_allow_ad_personalization_signals\n  _ANALYTICS_PERSONALIZATION=$(getFirebaseJsonKeyValue \"$_JSON_OUTPUT_RAW\" \"analytics_default_allow_ad_personalization_signals\")\n  if [[ $_ANALYTICS_PERSONALIZATION ]]; then\n    _PLIST_ENTRY_KEYS+=(\"GOOGLE_ANALYTICS_DEFAULT_ALLOW_AD_PERSONALIZATION_SIGNALS\")\n    _PLIST_ENTRY_TYPES+=(\"bool\")\n    _PLIST_ENTRY_VALUES+=(\"$(jsonBoolToYesNo \"$_ANALYTICS_PERSONALIZATION\")\")\n  fi\n\n  # config.google_analytics_automatic_screen_reporting_enabled\n  _ANALYTICS_AUTO_SCREEN_REPORTING=$(getFirebaseJsonKeyValue \"$_JSON_OUTPUT_RAW\" \"google_analytics_automatic_screen_reporting_enabled\")\n  if [[ $_ANALYTICS_AUTO_SCREEN_REPORTING ]]; then\n    _PLIST_ENTRY_KEYS+=(\"FirebaseAutomaticScreenReportingEnabled\")\n    _PLIST_ENTRY_TYPES+=(\"bool\")\n    _PLIST_ENTRY_VALUES+=(\"$(jsonBoolToYesNo \"$_ANALYTICS_AUTO_SCREEN_REPORTING\")\")\n  fi\n\n  # config.perf_auto_collection_enabled\n  _PERF_AUTO_COLLECTION=$(getFirebaseJsonKeyValue \"$_JSON_OUTPUT_RAW\" \"perf_auto_collection_enabled\")\n  if [[ $_PERF_AUTO_COLLECTION ]]; then\n    _PLIST_ENTRY_KEYS+=(\"firebase_performance_collection_enabled\")\n    _PLIST_ENTRY_TYPES+=(\"bool\")\n    _PLIST_ENTRY_VALUES+=(\"$(jsonBoolToYesNo \"$_PERF_AUTO_COLLECTION\")\")\n  fi\n\n  # config.perf_collection_deactivated\n  _PERF_DEACTIVATED=$(getFirebaseJsonKeyValue \"$_JSON_OUTPUT_RAW\" \"perf_collection_deactivated\")\n  if [[ $_PERF_DEACTIVATED ]]; then\n    _PLIST_ENTRY_KEYS+=(\"firebase_performance_collection_deactivated\")\n    _PLIST_ENTRY_TYPES+=(\"bool\")\n    _PLIST_ENTRY_VALUES+=(\"$(jsonBoolToYesNo \"$_PERF_DEACTIVATED\")\")\n  fi\n\n  # config.messaging_auto_init_enabled\n  _MESSAGING_AUTO_INIT=$(getFirebaseJsonKeyValue \"$_JSON_OUTPUT_RAW\" \"messaging_auto_init_enabled\")\n  if [[ $_MESSAGING_AUTO_INIT ]]; then\n    _PLIST_ENTRY_KEYS+=(\"FirebaseMessagingAutoInitEnabled\")\n    _PLIST_ENTRY_TYPES+=(\"bool\")\n    _PLIST_ENTRY_VALUES+=(\"$(jsonBoolToYesNo \"$_MESSAGING_AUTO_INIT\")\")\n  fi\n\n  # config.in_app_messaging_auto_colllection_enabled\n  _FIAM_AUTO_INIT=$(getFirebaseJsonKeyValue \"$_JSON_OUTPUT_RAW\" \"in_app_messaging_auto_collection_enabled\")\n  if [[ $_FIAM_AUTO_INIT ]]; then\n    _PLIST_ENTRY_KEYS+=(\"FirebaseInAppMessagingAutomaticDataCollectionEnabled\")\n    _PLIST_ENTRY_TYPES+=(\"bool\")\n    _PLIST_ENTRY_VALUES+=(\"$(jsonBoolToYesNo \"$_FIAM_AUTO_INIT\")\")\n  fi\n\n  # config.app_check_token_auto_refresh\n  _APP_CHECK_TOKEN_AUTO_REFRESH=$(getFirebaseJsonKeyValue \"$_JSON_OUTPUT_RAW\" \"app_check_token_auto_refresh\")\n  if [[ $_APP_CHECK_TOKEN_AUTO_REFRESH ]]; then\n    _PLIST_ENTRY_KEYS+=(\"FirebaseAppCheckTokenAutoRefreshEnabled\")\n    _PLIST_ENTRY_TYPES+=(\"bool\")\n    _PLIST_ENTRY_VALUES+=(\"$(jsonBoolToYesNo \"$_APP_CHECK_TOKEN_AUTO_REFRESH\")\")\n  fi\n\n  # config.crashlytics_disable_auto_disabler - undocumented for now - mainly for debugging, document if becomes useful\n  _CRASHLYTICS_AUTO_DISABLE_ENABLED=$(getFirebaseJsonKeyValue \"$_JSON_OUTPUT_RAW\" \"crashlytics_disable_auto_disabler\")\n  if [[ $_CRASHLYTICS_AUTO_DISABLE_ENABLED == \"true\" ]]; then\n    echo \"Disabled Crashlytics auto disabler.\" # do nothing\n  else\n    _PLIST_ENTRY_KEYS+=(\"FirebaseCrashlyticsCollectionEnabled\")\n    _PLIST_ENTRY_TYPES+=(\"bool\")\n    _PLIST_ENTRY_VALUES+=(\"NO\")\n  fi\nelse\n  _PLIST_ENTRY_KEYS+=(\"firebase_json_raw\")\n  _PLIST_ENTRY_TYPES+=(\"string\")\n  _PLIST_ENTRY_VALUES+=(\"$_JSON_OUTPUT_BASE64\")\n  echo \"warning:   A firebase.json file was not found, whilst this file is optional it is recommended to include it to configure firebase services in React Native Firebase.\"\nfi;\n\necho \"info: 2) Injecting Info.plist entries: \"\n\n# Log out the keys we're adding\nfor i in \"${!_PLIST_ENTRY_KEYS[@]}\"; do\n  echo \"    ->  $i) ${_PLIST_ENTRY_KEYS[$i]}\" \"${_PLIST_ENTRY_TYPES[$i]}\" \"${_PLIST_ENTRY_VALUES[$i]}\"\ndone\n\nfor plist in \"${_TARGET_PLIST}\" \"${_DSYM_PLIST}\" ; do\n  if [[ -f \"${plist}\" ]]; then\n\n    # paths with spaces break the call to setPlistValue. temporarily modify\n    # the shell internal field separator variable (IFS), which normally\n    # includes spaces, to consist only of line breaks\n    oldifs=$IFS\n    IFS=\"\n\"\n\n    for i in \"${!_PLIST_ENTRY_KEYS[@]}\"; do\n      setPlistValue \"${_PLIST_ENTRY_KEYS[$i]}\" \"${_PLIST_ENTRY_TYPES[$i]}\" \"${_PLIST_ENTRY_VALUES[$i]}\" \"${plist}\"\n    done\n\n    # restore the original internal field separator value\n    IFS=$oldifs\n  else\n    echo \"warning:   A Info.plist build output file was not found (${plist})\"\n  fi\ndone\n\necho \"info: <- RNFB build script finished\"\n";
		};
		70C887289FDC933DBD18046A /* [CP] Check Pods Manifest.lock */ = {
			isa = PBXShellScriptBuildPhase;
			buildActionMask = 2147483647;
			files = (
			);
			inputFileListPaths = (
			);
			inputPaths = (
				"${PODS_PODFILE_DIR_PATH}/Podfile.lock",
				"${PODS_ROOT}/Manifest.lock",
			);
			name = "[CP] Check Pods Manifest.lock";
			outputFileListPaths = (
			);
			outputPaths = (
				"$(DERIVED_FILE_DIR)/Pods-BoilerPlate-BoilerPlateTests-checkManifestLockResult.txt",
			);
			runOnlyForDeploymentPostprocessing = 0;
			shellPath = /bin/sh;
			shellScript = "diff \"${PODS_PODFILE_DIR_PATH}/Podfile.lock\" \"${PODS_ROOT}/Manifest.lock\" > /dev/null\nif [ $? != 0 ] ; then\n    # print error to STDERR\n    echo \"error: The sandbox is not in sync with the Podfile.lock. Run 'pod install' or update your CocoaPods installation.\" >&2\n    exit 1\nfi\n# This output is used by Xcode 'outputs' to avoid re-running this script phase.\necho \"SUCCESS\" > \"${SCRIPT_OUTPUT_FILE_0}\"\n";
			showEnvVarsInLog = 0;
		};
		96CED6EAD58522D6D522D613 /* [CP] Copy Pods Resources */ = {
			isa = PBXShellScriptBuildPhase;
			buildActionMask = 2147483647;
			files = (
			);
			inputFileListPaths = (
				"${PODS_ROOT}/Target Support Files/Pods-BoilerPlate-BoilerPlateTests/Pods-BoilerPlate-BoilerPlateTests-resources-${CONFIGURATION}-input-files.xcfilelist",
			);
			name = "[CP] Copy Pods Resources";
			outputFileListPaths = (
				"${PODS_ROOT}/Target Support Files/Pods-BoilerPlate-BoilerPlateTests/Pods-BoilerPlate-BoilerPlateTests-resources-${CONFIGURATION}-output-files.xcfilelist",
			);
			runOnlyForDeploymentPostprocessing = 0;
			shellPath = /bin/sh;
			shellScript = "\"${PODS_ROOT}/Target Support Files/Pods-BoilerPlate-BoilerPlateTests/Pods-BoilerPlate-BoilerPlateTests-resources.sh\"\n";
			showEnvVarsInLog = 0;
		};
		C05A74AF3DF3FC9CDCC7FEF8 /* [CP] Embed Pods Frameworks */ = {
			isa = PBXShellScriptBuildPhase;
			buildActionMask = 2147483647;
			files = (
			);
			inputFileListPaths = (
				"${PODS_ROOT}/Target Support Files/Pods-BoilerPlate/Pods-BoilerPlate-frameworks-${CONFIGURATION}-input-files.xcfilelist",
			);
			name = "[CP] Embed Pods Frameworks";
			outputFileListPaths = (
				"${PODS_ROOT}/Target Support Files/Pods-BoilerPlate/Pods-BoilerPlate-frameworks-${CONFIGURATION}-output-files.xcfilelist",
			);
			runOnlyForDeploymentPostprocessing = 0;
			shellPath = /bin/sh;
			shellScript = "\"${PODS_ROOT}/Target Support Files/Pods-BoilerPlate/Pods-BoilerPlate-frameworks.sh\"\n";
			showEnvVarsInLog = 0;
		};
		C9BC708E4D67752E6BD741D5 /* [CP] Check Pods Manifest.lock */ = {
			isa = PBXShellScriptBuildPhase;
			buildActionMask = 2147483647;
			files = (
			);
			inputFileListPaths = (
			);
			inputPaths = (
				"${PODS_PODFILE_DIR_PATH}/Podfile.lock",
				"${PODS_ROOT}/Manifest.lock",
			);
			name = "[CP] Check Pods Manifest.lock";
			outputFileListPaths = (
			);
			outputPaths = (
				"$(DERIVED_FILE_DIR)/Pods-BoilerPlate-checkManifestLockResult.txt",
			);
			runOnlyForDeploymentPostprocessing = 0;
			shellPath = /bin/sh;
			shellScript = "diff \"${PODS_PODFILE_DIR_PATH}/Podfile.lock\" \"${PODS_ROOT}/Manifest.lock\" > /dev/null\nif [ $? != 0 ] ; then\n    # print error to STDERR\n    echo \"error: The sandbox is not in sync with the Podfile.lock. Run 'pod install' or update your CocoaPods installation.\" >&2\n    exit 1\nfi\n# This output is used by Xcode 'outputs' to avoid re-running this script phase.\necho \"SUCCESS\" > \"${SCRIPT_OUTPUT_FILE_0}\"\n";
			showEnvVarsInLog = 0;
		};
		E9B5CFD326EF92F40BFCCF21 /* [CP] Embed Pods Frameworks */ = {
			isa = PBXShellScriptBuildPhase;
			buildActionMask = 2147483647;
			files = (
			);
			inputFileListPaths = (
				"${PODS_ROOT}/Target Support Files/Pods-BoilerPlate-BoilerPlateTests/Pods-BoilerPlate-BoilerPlateTests-frameworks-${CONFIGURATION}-input-files.xcfilelist",
			);
			name = "[CP] Embed Pods Frameworks";
			outputFileListPaths = (
				"${PODS_ROOT}/Target Support Files/Pods-BoilerPlate-BoilerPlateTests/Pods-BoilerPlate-BoilerPlateTests-frameworks-${CONFIGURATION}-output-files.xcfilelist",
			);
			runOnlyForDeploymentPostprocessing = 0;
			shellPath = /bin/sh;
			shellScript = "\"${PODS_ROOT}/Target Support Files/Pods-BoilerPlate-BoilerPlateTests/Pods-BoilerPlate-BoilerPlateTests-frameworks.sh\"\n";
			showEnvVarsInLog = 0;
		};
		FD10A7F022414F080027D42C /* Start Packager */ = {
			isa = PBXShellScriptBuildPhase;
			buildActionMask = 2147483647;
			files = (
			);
			inputFileListPaths = (
			);
			inputPaths = (
			);
			name = "Start Packager";
			outputFileListPaths = (
			);
			outputPaths = (
			);
			runOnlyForDeploymentPostprocessing = 0;
			shellPath = /bin/sh;
			shellScript = "export RCT_METRO_PORT=\"${RCT_METRO_PORT:=8081}\"\necho \"export RCT_METRO_PORT=${RCT_METRO_PORT}\" > \"${SRCROOT}/../node_modules/react-native/scripts/.packager.env\"\nif [ -z \"${RCT_NO_LAUNCH_PACKAGER+xxx}\" ] ; then\n  if nc -w 5 -z localhost ${RCT_METRO_PORT} ; then\n    if ! curl -s \"http://localhost:${RCT_METRO_PORT}/status\" | grep -q \"packager-status:running\" ; then\n      echo \"Port ${RCT_METRO_PORT} already in use, packager is either not running or not running correctly\"\n      exit 2\n    fi\n  else\n    open \"$SRCROOT/../node_modules/react-native/scripts/launchPackager.command\" || echo \"Can't start packager automatically\"\n  fi\nfi\n";
			showEnvVarsInLog = 0;
		};
		FD75CB3092B0BF67B0C18845 /* [CP] Copy Pods Resources */ = {
			isa = PBXShellScriptBuildPhase;
			buildActionMask = 2147483647;
			files = (
			);
			inputFileListPaths = (
				"${PODS_ROOT}/Target Support Files/Pods-BoilerPlate/Pods-BoilerPlate-resources-${CONFIGURATION}-input-files.xcfilelist",
			);
			name = "[CP] Copy Pods Resources";
			outputFileListPaths = (
				"${PODS_ROOT}/Target Support Files/Pods-BoilerPlate/Pods-BoilerPlate-resources-${CONFIGURATION}-output-files.xcfilelist",
			);
			runOnlyForDeploymentPostprocessing = 0;
			shellPath = /bin/sh;
			shellScript = "\"${PODS_ROOT}/Target Support Files/Pods-BoilerPlate/Pods-BoilerPlate-resources.sh\"\n";
			showEnvVarsInLog = 0;
		};
/* End PBXShellScriptBuildPhase section */

/* Begin PBXSourcesBuildPhase section */
		00E356EA1AD99517003FC87E /* Sources */ = {
			isa = PBXSourcesBuildPhase;
			buildActionMask = 2147483647;
			files = (
				00E356F31AD99517003FC87E /* BoilerPlateTests.m in Sources */,
			);
			runOnlyForDeploymentPostprocessing = 0;
		};
		13B07F871A680F5B00A75B9A /* Sources */ = {
			isa = PBXSourcesBuildPhase;
			buildActionMask = 2147483647;
			files = (
				13B07FBC1A68108700A75B9A /* AppDelegate.m in Sources */,
				13B07FC11A68108700A75B9A /* main.m in Sources */,
			);
			runOnlyForDeploymentPostprocessing = 0;
		};
/* End PBXSourcesBuildPhase section */

/* Begin PBXTargetDependency section */
		00E356F51AD99517003FC87E /* PBXTargetDependency */ = {
			isa = PBXTargetDependency;
			target = 13B07F861A680F5B00A75B9A /* BoilerPlate */;
			targetProxy = 00E356F41AD99517003FC87E /* PBXContainerItemProxy */;
		};
/* End PBXTargetDependency section */

/* Begin XCBuildConfiguration section */
		00E356F61AD99517003FC87E /* Debug */ = {
			isa = XCBuildConfiguration;
			baseConfigurationReference = 707DFC1C3C7DFEBD0D4FBA14 /* Pods-BoilerPlate-BoilerPlateTests.debug.xcconfig */;
			buildSettings = {
				BUNDLE_LOADER = "$(TEST_HOST)";
				GCC_PREPROCESSOR_DEFINITIONS = (
					"DEBUG=1",
					"$(inherited)",
				);
				INFOPLIST_FILE = BoilerPlateTests/Info.plist;
				IPHONEOS_DEPLOYMENT_TARGET = 11.0;
				LD_RUNPATH_SEARCH_PATHS = (
					"$(inherited)",
					"@executable_path/Frameworks",
					"@loader_path/Frameworks",
				);
				OTHER_LDFLAGS = (
					"-ObjC",
					"-lc++",
					"$(inherited)",
				);
				PRODUCT_BUNDLE_IDENTIFIER = "org.reactjs.native.example.$(PRODUCT_NAME:rfc1034identifier)";
				PRODUCT_NAME = "$(TARGET_NAME)";
				TEST_HOST = "$(BUILT_PRODUCTS_DIR)/BoilerPlate.app/BoilerPlate";
			};
			name = Debug;
		};
		00E356F71AD99517003FC87E /* Release */ = {
			isa = XCBuildConfiguration;
			baseConfigurationReference = 6D6DBBAE8BA67B92E9523E82 /* Pods-BoilerPlate-BoilerPlateTests.release.xcconfig */;
			buildSettings = {
				BUNDLE_LOADER = "$(TEST_HOST)";
				COPY_PHASE_STRIP = NO;
				INFOPLIST_FILE = BoilerPlateTests/Info.plist;
				IPHONEOS_DEPLOYMENT_TARGET = 11.0;
				LD_RUNPATH_SEARCH_PATHS = (
					"$(inherited)",
					"@executable_path/Frameworks",
					"@loader_path/Frameworks",
				);
				OTHER_LDFLAGS = (
					"-ObjC",
					"-lc++",
					"$(inherited)",
				);
				PRODUCT_BUNDLE_IDENTIFIER = "org.reactjs.native.example.$(PRODUCT_NAME:rfc1034identifier)";
				PRODUCT_NAME = "$(TARGET_NAME)";
				TEST_HOST = "$(BUILT_PRODUCTS_DIR)/BoilerPlate.app/BoilerPlate";
			};
			name = Release;
		};
		13B07F941A680F5B00A75B9A /* Debug */ = {
			isa = XCBuildConfiguration;
			baseConfigurationReference = 4BE076B5F8F0D6F0DB923F16 /* Pods-BoilerPlate.debug.xcconfig */;
			buildSettings = {
				ASSETCATALOG_COMPILER_APPICON_NAME = AppIcon;
				CLANG_ENABLE_MODULES = YES;
				CURRENT_PROJECT_VERSION = 1;
				ENABLE_BITCODE = NO;
				INFOPLIST_FILE = BoilerPlate/Info.plist;
				LD_RUNPATH_SEARCH_PATHS = (
					"$(inherited)",
					"@executable_path/Frameworks",
				);
				OTHER_LDFLAGS = (
					"$(inherited)",
					"-ObjC",
					"-lc++",
				);
				PRODUCT_BUNDLE_IDENTIFIER = com.fnfboilerplate;
				PRODUCT_NAME = BoilerPlate;
				SWIFT_OPTIMIZATION_LEVEL = "-Onone";
				SWIFT_VERSION = 5.0;
				VERSIONING_SYSTEM = "apple-generic";
			};
			name = Debug;
		};
		13B07F951A680F5B00A75B9A /* Release */ = {
			isa = XCBuildConfiguration;
			baseConfigurationReference = 0B8688CA8C24B8BD13C00FA3 /* Pods-BoilerPlate.release.xcconfig */;
			buildSettings = {
				ASSETCATALOG_COMPILER_APPICON_NAME = AppIcon;
				CLANG_ENABLE_MODULES = YES;
				CURRENT_PROJECT_VERSION = 1;
				INFOPLIST_FILE = BoilerPlate/Info.plist;
				LD_RUNPATH_SEARCH_PATHS = (
					"$(inherited)",
					"@executable_path/Frameworks",
				);
				OTHER_LDFLAGS = (
					"$(inherited)",
					"-ObjC",
					"-lc++",
				);
				PRODUCT_BUNDLE_IDENTIFIER = com.fnfboilerplate;
				PRODUCT_NAME = BoilerPlate;
				SWIFT_VERSION = 5.0;
				VERSIONING_SYSTEM = "apple-generic";
			};
			name = Release;
		};
		83CBBA201A601CBA00E9B192 /* Debug */ = {
			isa = XCBuildConfiguration;
			buildSettings = {
				ALWAYS_SEARCH_USER_PATHS = NO;
				CLANG_ANALYZER_LOCALIZABILITY_NONLOCALIZED = YES;
				CLANG_CXX_LANGUAGE_STANDARD = "gnu++0x";
				CLANG_CXX_LIBRARY = "libc++";
				CLANG_ENABLE_MODULES = YES;
				CLANG_ENABLE_OBJC_ARC = YES;
				CLANG_WARN_BLOCK_CAPTURE_AUTORELEASING = YES;
				CLANG_WARN_BOOL_CONVERSION = YES;
				CLANG_WARN_COMMA = YES;
				CLANG_WARN_CONSTANT_CONVERSION = YES;
				CLANG_WARN_DEPRECATED_OBJC_IMPLEMENTATIONS = YES;
				CLANG_WARN_DIRECT_OBJC_ISA_USAGE = YES_ERROR;
				CLANG_WARN_EMPTY_BODY = YES;
				CLANG_WARN_ENUM_CONVERSION = YES;
				CLANG_WARN_INFINITE_RECURSION = YES;
				CLANG_WARN_INT_CONVERSION = YES;
				CLANG_WARN_NON_LITERAL_NULL_CONVERSION = YES;
				CLANG_WARN_OBJC_IMPLICIT_RETAIN_SELF = YES;
				CLANG_WARN_OBJC_LITERAL_CONVERSION = YES;
				CLANG_WARN_OBJC_ROOT_CLASS = YES_ERROR;
				CLANG_WARN_QUOTED_INCLUDE_IN_FRAMEWORK_HEADER = YES;
				CLANG_WARN_RANGE_LOOP_ANALYSIS = YES;
				CLANG_WARN_STRICT_PROTOTYPES = YES;
				CLANG_WARN_SUSPICIOUS_MOVE = YES;
				CLANG_WARN_UNREACHABLE_CODE = YES;
				CLANG_WARN__DUPLICATE_METHOD_MATCH = YES;
				"CODE_SIGN_IDENTITY[sdk=iphoneos*]" = "iPhone Developer";
				COPY_PHASE_STRIP = NO;
				ENABLE_STRICT_OBJC_MSGSEND = YES;
				ENABLE_TESTABILITY = YES;
				"EXCLUDED_ARCHS[sdk=iphonesimulator*]" = "arm64 ";
				GCC_C_LANGUAGE_STANDARD = gnu99;
				GCC_DYNAMIC_NO_PIC = NO;
				GCC_NO_COMMON_BLOCKS = YES;
				GCC_OPTIMIZATION_LEVEL = 0;
				GCC_PREPROCESSOR_DEFINITIONS = (
					"DEBUG=1",
					"$(inherited)",
				);
				GCC_SYMBOLS_PRIVATE_EXTERN = NO;
				GCC_WARN_64_TO_32_BIT_CONVERSION = YES;
				GCC_WARN_ABOUT_RETURN_TYPE = YES_ERROR;
				GCC_WARN_UNDECLARED_SELECTOR = YES;
				GCC_WARN_UNINITIALIZED_AUTOS = YES_AGGRESSIVE;
				GCC_WARN_UNUSED_FUNCTION = YES;
				GCC_WARN_UNUSED_VARIABLE = YES;
				IPHONEOS_DEPLOYMENT_TARGET = 11.0;
				LD_RUNPATH_SEARCH_PATHS = (
					/usr/lib/swift,
					"$(inherited)",
				);
				LIBRARY_SEARCH_PATHS = (
					"\"$(SDKROOT)/usr/lib/swift\"",
					"\"$(TOOLCHAIN_DIR)/usr/lib/swift/$(PLATFORM_NAME)\"",
					"\"$(TOOLCHAIN_DIR)/usr/lib/swift-5.0/$(PLATFORM_NAME)\"",
					"\"$(inherited)\"",
				);
				MTL_ENABLE_DEBUG_INFO = YES;
				ONLY_ACTIVE_ARCH = YES;
				SDKROOT = iphoneos;
			};
			name = Debug;
		};
		83CBBA211A601CBA00E9B192 /* Release */ = {
			isa = XCBuildConfiguration;
			buildSettings = {
				ALWAYS_SEARCH_USER_PATHS = NO;
				CLANG_ANALYZER_LOCALIZABILITY_NONLOCALIZED = YES;
				CLANG_CXX_LANGUAGE_STANDARD = "gnu++0x";
				CLANG_CXX_LIBRARY = "libc++";
				CLANG_ENABLE_MODULES = YES;
				CLANG_ENABLE_OBJC_ARC = YES;
				CLANG_WARN_BLOCK_CAPTURE_AUTORELEASING = YES;
				CLANG_WARN_BOOL_CONVERSION = YES;
				CLANG_WARN_COMMA = YES;
				CLANG_WARN_CONSTANT_CONVERSION = YES;
				CLANG_WARN_DEPRECATED_OBJC_IMPLEMENTATIONS = YES;
				CLANG_WARN_DIRECT_OBJC_ISA_USAGE = YES_ERROR;
				CLANG_WARN_EMPTY_BODY = YES;
				CLANG_WARN_ENUM_CONVERSION = YES;
				CLANG_WARN_INFINITE_RECURSION = YES;
				CLANG_WARN_INT_CONVERSION = YES;
				CLANG_WARN_NON_LITERAL_NULL_CONVERSION = YES;
				CLANG_WARN_OBJC_IMPLICIT_RETAIN_SELF = YES;
				CLANG_WARN_OBJC_LITERAL_CONVERSION = YES;
				CLANG_WARN_OBJC_ROOT_CLASS = YES_ERROR;
				CLANG_WARN_QUOTED_INCLUDE_IN_FRAMEWORK_HEADER = YES;
				CLANG_WARN_RANGE_LOOP_ANALYSIS = YES;
				CLANG_WARN_STRICT_PROTOTYPES = YES;
				CLANG_WARN_SUSPICIOUS_MOVE = YES;
				CLANG_WARN_UNREACHABLE_CODE = YES;
				CLANG_WARN__DUPLICATE_METHOD_MATCH = YES;
				"CODE_SIGN_IDENTITY[sdk=iphoneos*]" = "iPhone Developer";
				COPY_PHASE_STRIP = YES;
				ENABLE_NS_ASSERTIONS = NO;
				ENABLE_STRICT_OBJC_MSGSEND = YES;
				"EXCLUDED_ARCHS[sdk=iphonesimulator*]" = "arm64 ";
				GCC_C_LANGUAGE_STANDARD = gnu99;
				GCC_NO_COMMON_BLOCKS = YES;
				GCC_WARN_64_TO_32_BIT_CONVERSION = YES;
				GCC_WARN_ABOUT_RETURN_TYPE = YES_ERROR;
				GCC_WARN_UNDECLARED_SELECTOR = YES;
				GCC_WARN_UNINITIALIZED_AUTOS = YES_AGGRESSIVE;
				GCC_WARN_UNUSED_FUNCTION = YES;
				GCC_WARN_UNUSED_VARIABLE = YES;
				IPHONEOS_DEPLOYMENT_TARGET = 11.0;
				LD_RUNPATH_SEARCH_PATHS = (
					/usr/lib/swift,
					"$(inherited)",
				);
				LIBRARY_SEARCH_PATHS = (
					"\"$(SDKROOT)/usr/lib/swift\"",
					"\"$(TOOLCHAIN_DIR)/usr/lib/swift/$(PLATFORM_NAME)\"",
					"\"$(TOOLCHAIN_DIR)/usr/lib/swift-5.0/$(PLATFORM_NAME)\"",
					"\"$(inherited)\"",
				);
				MTL_ENABLE_DEBUG_INFO = NO;
				SDKROOT = iphoneos;
				VALIDATE_PRODUCT = YES;
			};
			name = Release;
		};
/* End XCBuildConfiguration section */

/* Begin XCConfigurationList section */
		00E357021AD99517003FC87E /* Build configuration list for PBXNativeTarget "BoilerPlateTests" */ = {
			isa = XCConfigurationList;
			buildConfigurations = (
				00E356F61AD99517003FC87E /* Debug */,
				00E356F71AD99517003FC87E /* Release */,
			);
			defaultConfigurationIsVisible = 0;
			defaultConfigurationName = Release;
		};
		13B07F931A680F5B00A75B9A /* Build configuration list for PBXNativeTarget "BoilerPlate" */ = {
			isa = XCConfigurationList;
			buildConfigurations = (
				13B07F941A680F5B00A75B9A /* Debug */,
				13B07F951A680F5B00A75B9A /* Release */,
			);
			defaultConfigurationIsVisible = 0;
			defaultConfigurationName = Release;
		};
		83CBB9FA1A601CBA00E9B192 /* Build configuration list for PBXProject "BoilerPlate" */ = {
			isa = XCConfigurationList;
			buildConfigurations = (
				83CBBA201A601CBA00E9B192 /* Debug */,
				83CBBA211A601CBA00E9B192 /* Release */,
			);
			defaultConfigurationIsVisible = 0;
			defaultConfigurationName = Release;
		};
/* End XCConfigurationList section */
	};
	rootObject = 83CBB9F71A601CBA00E9B192 /* Project object */;
}
